<?xml version="1.0" encoding="UTF-8" standalone="yes" ?>
<CodeBlocks_project_file>
   <FileVersion major="1" minor="6" />
   <Project>
      <Option title="CG_UFPel" />
      <Option makefile_is_custom="1" />
      <Option compiler="gcc" />
      <Option virtualFolders="CMake Files\;CMake Files\external\;CMake Files\external\glfw-3.0.3\;CMake Files\external\glfw-3.0.3\docs\;CMake Files\external\glfw-3.0.3\src\;CMake Files\external\assimp-3.0.1270\;CMake Files\external\assimp-3.0.1270\contrib\;CMake Files\external\assimp-3.0.1270\contrib\zlib\;CMake Files\external\assimp-3.0.1270\code\;" />
      <Build>
      <Target title="all">
         <Option working_dir="/home/viniciusmoraes/Computacao Grafica/cg_ufpel" />
         <Option type="4" />
         <MakeCommands>
            <Build command="/usr/bin/make -f &quot;/home/viniciusmoraes/Computacao\ Grafica/cg_ufpel/Makefile&quot;  VERBOSE=1 all" />
            <CompileFile command="/usr/bin/make -f &quot;/home/viniciusmoraes/Computacao\ Grafica/cg_ufpel/Makefile&quot;  VERBOSE=1 &quot;$file&quot;" />
            <Clean command="/usr/bin/make -f &quot;/home/viniciusmoraes/Computacao\ Grafica/cg_ufpel/Makefile&quot;  VERBOSE=1 clean" />
            <DistClean command="/usr/bin/make -f &quot;/home/viniciusmoraes/Computacao\ Grafica/cg_ufpel/Makefile&quot;  VERBOSE=1 clean" />
         </MakeCommands>
      </Target>
      <Target title="CG_UFPel">
         <Option output="/home/viniciusmoraes/Computacao Grafica/cg_ufpel/CG_UFPel" prefix_auto="0" extension_auto="0" />
         <Option working_dir="/home/viniciusmoraes/Computacao Grafica/cg_ufpel" />
         <Option object_output="./" />
         <Option type="1" />
         <Option compiler="gcc" />
         <Compiler>
            <Add option="-DTW_STATIC" />
            <Add option="-DTW_NO_LIB_PRAGMA" />
            <Add option="-DTW_NO_DIRECT3D" />
            <Add option="-DGLEW_STATIC" />
            <Add option="-D_CRT_SECURE_NO_WARNINGS" />
            <Add directory="/home/viniciusmoraes/Computacao Grafica/cg_ufpel/external/AntTweakBar-1.16/include" />
            <Add directory="/home/viniciusmoraes/Computacao Grafica/cg_ufpel/external/assimp-3.0.1270/include" />
            <Add directory="/home/viniciusmoraes/Computacao Grafica/cg_ufpel/external/glew-1.9.0/include" />
            <Add directory="/home/viniciusmoraes/Computacao Grafica/cg_ufpel/external/glfw-3.0.3/include/GLFW" />
            <Add directory="/home/viniciusmoraes/Computacao Grafica/cg_ufpel/external/glm-0.9.4.0" />
            <Add directory="/home/viniciusmoraes/Computacao Grafica/cg_ufpel/include" />
         </Compiler>
         <MakeCommands>
            <Build command="/usr/bin/make -f &quot;/home/viniciusmoraes/Computacao\ Grafica/cg_ufpel/Makefile&quot;  VERBOSE=1 CG_UFPel" />
            <CompileFile command="/usr/bin/make -f &quot;/home/viniciusmoraes/Computacao\ Grafica/cg_ufpel/Makefile&quot;  VERBOSE=1 &quot;$file&quot;" />
            <Clean command="/usr/bin/make -f &quot;/home/viniciusmoraes/Computacao\ Grafica/cg_ufpel/Makefile&quot;  VERBOSE=1 clean" />
            <DistClean command="/usr/bin/make -f &quot;/home/viniciusmoraes/Computacao\ Grafica/cg_ufpel/Makefile&quot;  VERBOSE=1 clean" />
         </MakeCommands>
      </Target>
      <Target title="CG_UFPel/fast">
         <Option output="/home/viniciusmoraes/Computacao Grafica/cg_ufpel/CG_UFPel" prefix_auto="0" extension_auto="0" />
         <Option working_dir="/home/viniciusmoraes/Computacao Grafica/cg_ufpel" />
         <Option object_output="./" />
         <Option type="1" />
         <Option compiler="gcc" />
         <Compiler>
            <Add option="-DTW_STATIC" />
            <Add option="-DTW_NO_LIB_PRAGMA" />
            <Add option="-DTW_NO_DIRECT3D" />
            <Add option="-DGLEW_STATIC" />
            <Add option="-D_CRT_SECURE_NO_WARNINGS" />
            <Add directory="/home/viniciusmoraes/Computacao Grafica/cg_ufpel/external/AntTweakBar-1.16/include" />
            <Add directory="/home/viniciusmoraes/Computacao Grafica/cg_ufpel/external/assimp-3.0.1270/include" />
            <Add directory="/home/viniciusmoraes/Computacao Grafica/cg_ufpel/external/glew-1.9.0/include" />
            <Add directory="/home/viniciusmoraes/Computacao Grafica/cg_ufpel/external/glfw-3.0.3/include/GLFW" />
            <Add directory="/home/viniciusmoraes/Computacao Grafica/cg_ufpel/external/glm-0.9.4.0" />
            <Add directory="/home/viniciusmoraes/Computacao Grafica/cg_ufpel/include" />
         </Compiler>
         <MakeCommands>
            <Build command="/usr/bin/make -f &quot;/home/viniciusmoraes/Computacao\ Grafica/cg_ufpel/Makefile&quot;  VERBOSE=1 CG_UFPel/fast" />
            <CompileFile command="/usr/bin/make -f &quot;/home/viniciusmoraes/Computacao\ Grafica/cg_ufpel/Makefile&quot;  VERBOSE=1 &quot;$file&quot;" />
            <Clean command="/usr/bin/make -f &quot;/home/viniciusmoraes/Computacao\ Grafica/cg_ufpel/Makefile&quot;  VERBOSE=1 clean" />
            <DistClean command="/usr/bin/make -f &quot;/home/viniciusmoraes/Computacao\ Grafica/cg_ufpel/Makefile&quot;  VERBOSE=1 clean" />
         </MakeCommands>
      </Target>
      <Target title="edit_cache">
         <Option working_dir="/home/viniciusmoraes/Computacao Grafica/cg_ufpel" />
         <Option type="4" />
         <MakeCommands>
            <Build command="/usr/bin/make -f &quot;/home/viniciusmoraes/Computacao\ Grafica/cg_ufpel/Makefile&quot;  VERBOSE=1 edit_cache" />
            <CompileFile command="/usr/bin/make -f &quot;/home/viniciusmoraes/Computacao\ Grafica/cg_ufpel/Makefile&quot;  VERBOSE=1 &quot;$file&quot;" />
            <Clean command="/usr/bin/make -f &quot;/home/viniciusmoraes/Computacao\ Grafica/cg_ufpel/Makefile&quot;  VERBOSE=1 clean" />
            <DistClean command="/usr/bin/make -f &quot;/home/viniciusmoraes/Computacao\ Grafica/cg_ufpel/Makefile&quot;  VERBOSE=1 clean" />
         </MakeCommands>
      </Target>
      <Target title="install">
         <Option working_dir="/home/viniciusmoraes/Computacao Grafica/cg_ufpel" />
         <Option type="4" />
         <MakeCommands>
            <Build command="/usr/bin/make -f &quot;/home/viniciusmoraes/Computacao\ Grafica/cg_ufpel/Makefile&quot;  VERBOSE=1 install" />
            <CompileFile command="/usr/bin/make -f &quot;/home/viniciusmoraes/Computacao\ Grafica/cg_ufpel/Makefile&quot;  VERBOSE=1 &quot;$file&quot;" />
            <Clean command="/usr/bin/make -f &quot;/home/viniciusmoraes/Computacao\ Grafica/cg_ufpel/Makefile&quot;  VERBOSE=1 clean" />
            <DistClean command="/usr/bin/make -f &quot;/home/viniciusmoraes/Computacao\ Grafica/cg_ufpel/Makefile&quot;  VERBOSE=1 clean" />
         </MakeCommands>
      </Target>
      <Target title="install/local">
         <Option working_dir="/home/viniciusmoraes/Computacao Grafica/cg_ufpel" />
         <Option type="4" />
         <MakeCommands>
            <Build command="/usr/bin/make -f &quot;/home/viniciusmoraes/Computacao\ Grafica/cg_ufpel/Makefile&quot;  VERBOSE=1 install/local" />
            <CompileFile command="/usr/bin/make -f &quot;/home/viniciusmoraes/Computacao\ Grafica/cg_ufpel/Makefile&quot;  VERBOSE=1 &quot;$file&quot;" />
            <Clean command="/usr/bin/make -f &quot;/home/viniciusmoraes/Computacao\ Grafica/cg_ufpel/Makefile&quot;  VERBOSE=1 clean" />
            <DistClean command="/usr/bin/make -f &quot;/home/viniciusmoraes/Computacao\ Grafica/cg_ufpel/Makefile&quot;  VERBOSE=1 clean" />
         </MakeCommands>
      </Target>
      <Target title="list_install_components">
         <Option working_dir="/home/viniciusmoraes/Computacao Grafica/cg_ufpel" />
         <Option type="4" />
         <MakeCommands>
            <Build command="/usr/bin/make -f &quot;/home/viniciusmoraes/Computacao\ Grafica/cg_ufpel/Makefile&quot;  VERBOSE=1 list_install_components" />
            <CompileFile command="/usr/bin/make -f &quot;/home/viniciusmoraes/Computacao\ Grafica/cg_ufpel/Makefile&quot;  VERBOSE=1 &quot;$file&quot;" />
            <Clean command="/usr/bin/make -f &quot;/home/viniciusmoraes/Computacao\ Grafica/cg_ufpel/Makefile&quot;  VERBOSE=1 clean" />
            <DistClean command="/usr/bin/make -f &quot;/home/viniciusmoraes/Computacao\ Grafica/cg_ufpel/Makefile&quot;  VERBOSE=1 clean" />
         </MakeCommands>
      </Target>
      <Target title="rebuild_cache">
         <Option working_dir="/home/viniciusmoraes/Computacao Grafica/cg_ufpel" />
         <Option type="4" />
         <MakeCommands>
            <Build command="/usr/bin/make -f &quot;/home/viniciusmoraes/Computacao\ Grafica/cg_ufpel/Makefile&quot;  VERBOSE=1 rebuild_cache" />
            <CompileFile command="/usr/bin/make -f &quot;/home/viniciusmoraes/Computacao\ Grafica/cg_ufpel/Makefile&quot;  VERBOSE=1 &quot;$file&quot;" />
            <Clean command="/usr/bin/make -f &quot;/home/viniciusmoraes/Computacao\ Grafica/cg_ufpel/Makefile&quot;  VERBOSE=1 clean" />
            <DistClean command="/usr/bin/make -f &quot;/home/viniciusmoraes/Computacao\ Grafica/cg_ufpel/Makefile&quot;  VERBOSE=1 clean" />
         </MakeCommands>
      </Target>
      <Target title="ANTTWEAKBAR_116_OGLCORE_GLFW">
         <Option output="/home/viniciusmoraes/Computacao Grafica/cg_ufpel/external/libANTTWEAKBAR_116_OGLCORE_GLFW.a" prefix_auto="0" extension_auto="0" />
         <Option working_dir="/home/viniciusmoraes/Computacao Grafica/cg_ufpel/external" />
         <Option object_output="./" />
         <Option type="2" />
         <Option compiler="gcc" />
         <Compiler>
            <Add option="-DTW_STATIC" />
            <Add option="-DTW_NO_LIB_PRAGMA" />
            <Add option="-DTW_NO_DIRECT3D" />
            <Add option="-DGLEW_STATIC" />
            <Add option="-D_CRT_SECURE_NO_WARNINGS" />
            <Add option="-D_UNIX" />
            <Add option="-DASSIMP_BUILD_BOOST_WORKAROUND" />
            <Add directory="/home/viniciusmoraes/Computacao Grafica/cg_ufpel/external/AntTweakBar-1.16/include" />
            <Add directory="/home/viniciusmoraes/Computacao Grafica/cg_ufpel/external/assimp-3.0.1270/code/BoostWorkaround" />
            <Add directory="/home/viniciusmoraes/Computacao Grafica/cg_ufpel/external/glew-1.9.0/include" />
            <Add directory="/home/viniciusmoraes/Computacao Grafica/cg_ufpel/external/glfw-3.0.3/include/GLFW" />
         </Compiler>
         <MakeCommands>
            <Build command="/usr/bin/make -f &quot;/home/viniciusmoraes/Computacao\ Grafica/cg_ufpel/external/Makefile&quot;  VERBOSE=1 ANTTWEAKBAR_116_OGLCORE_GLFW" />
            <CompileFile command="/usr/bin/make -f &quot;/home/viniciusmoraes/Computacao\ Grafica/cg_ufpel/external/Makefile&quot;  VERBOSE=1 &quot;$file&quot;" />
            <Clean command="/usr/bin/make -f &quot;/home/viniciusmoraes/Computacao\ Grafica/cg_ufpel/external/Makefile&quot;  VERBOSE=1 clean" />
            <DistClean command="/usr/bin/make -f &quot;/home/viniciusmoraes/Computacao\ Grafica/cg_ufpel/external/Makefile&quot;  VERBOSE=1 clean" />
         </MakeCommands>
      </Target>
      <Target title="ANTTWEAKBAR_116_OGLCORE_GLFW/fast">
         <Option output="/home/viniciusmoraes/Computacao Grafica/cg_ufpel/external/libANTTWEAKBAR_116_OGLCORE_GLFW.a" prefix_auto="0" extension_auto="0" />
         <Option working_dir="/home/viniciusmoraes/Computacao Grafica/cg_ufpel/external" />
         <Option object_output="./" />
         <Option type="2" />
         <Option compiler="gcc" />
         <Compiler>
            <Add option="-DTW_STATIC" />
            <Add option="-DTW_NO_LIB_PRAGMA" />
            <Add option="-DTW_NO_DIRECT3D" />
            <Add option="-DGLEW_STATIC" />
            <Add option="-D_CRT_SECURE_NO_WARNINGS" />
            <Add option="-D_UNIX" />
            <Add option="-DASSIMP_BUILD_BOOST_WORKAROUND" />
            <Add directory="/home/viniciusmoraes/Computacao Grafica/cg_ufpel/external/AntTweakBar-1.16/include" />
            <Add directory="/home/viniciusmoraes/Computacao Grafica/cg_ufpel/external/assimp-3.0.1270/code/BoostWorkaround" />
            <Add directory="/home/viniciusmoraes/Computacao Grafica/cg_ufpel/external/glew-1.9.0/include" />
            <Add directory="/home/viniciusmoraes/Computacao Grafica/cg_ufpel/external/glfw-3.0.3/include/GLFW" />
         </Compiler>
         <MakeCommands>
            <Build command="/usr/bin/make -f &quot;/home/viniciusmoraes/Computacao\ Grafica/cg_ufpel/external/Makefile&quot;  VERBOSE=1 ANTTWEAKBAR_116_OGLCORE_GLFW/fast" />
            <CompileFile command="/usr/bin/make -f &quot;/home/viniciusmoraes/Computacao\ Grafica/cg_ufpel/external/Makefile&quot;  VERBOSE=1 &quot;$file&quot;" />
            <Clean command="/usr/bin/make -f &quot;/home/viniciusmoraes/Computacao\ Grafica/cg_ufpel/external/Makefile&quot;  VERBOSE=1 clean" />
            <DistClean command="/usr/bin/make -f &quot;/home/viniciusmoraes/Computacao\ Grafica/cg_ufpel/external/Makefile&quot;  VERBOSE=1 clean" />
         </MakeCommands>
      </Target>
      <Target title="GLEW_190">
         <Option output="/home/viniciusmoraes/Computacao Grafica/cg_ufpel/external/libGLEW_190.a" prefix_auto="0" extension_auto="0" />
         <Option working_dir="/home/viniciusmoraes/Computacao Grafica/cg_ufpel/external" />
         <Option object_output="./" />
         <Option type="2" />
         <Option compiler="gcc" />
         <Compiler>
            <Add option="-DTW_STATIC" />
            <Add option="-DTW_NO_LIB_PRAGMA" />
            <Add option="-DTW_NO_DIRECT3D" />
            <Add option="-DGLEW_STATIC" />
            <Add option="-D_CRT_SECURE_NO_WARNINGS" />
            <Add option="-D_UNIX" />
            <Add option="-DASSIMP_BUILD_BOOST_WORKAROUND" />
            <Add directory="/home/viniciusmoraes/Computacao Grafica/cg_ufpel/external/AntTweakBar-1.16/include" />
            <Add directory="/home/viniciusmoraes/Computacao Grafica/cg_ufpel/external/assimp-3.0.1270/code/BoostWorkaround" />
            <Add directory="/home/viniciusmoraes/Computacao Grafica/cg_ufpel/external/glew-1.9.0/include" />
            <Add directory="/home/viniciusmoraes/Computacao Grafica/cg_ufpel/external/glfw-3.0.3/include/GLFW" />
         </Compiler>
         <MakeCommands>
            <Build command="/usr/bin/make -f &quot;/home/viniciusmoraes/Computacao\ Grafica/cg_ufpel/external/Makefile&quot;  VERBOSE=1 GLEW_190" />
            <CompileFile command="/usr/bin/make -f &quot;/home/viniciusmoraes/Computacao\ Grafica/cg_ufpel/external/Makefile&quot;  VERBOSE=1 &quot;$file&quot;" />
            <Clean command="/usr/bin/make -f &quot;/home/viniciusmoraes/Computacao\ Grafica/cg_ufpel/external/Makefile&quot;  VERBOSE=1 clean" />
            <DistClean command="/usr/bin/make -f &quot;/home/viniciusmoraes/Computacao\ Grafica/cg_ufpel/external/Makefile&quot;  VERBOSE=1 clean" />
         </MakeCommands>
      </Target>
      <Target title="GLEW_190/fast">
         <Option output="/home/viniciusmoraes/Computacao Grafica/cg_ufpel/external/libGLEW_190.a" prefix_auto="0" extension_auto="0" />
         <Option working_dir="/home/viniciusmoraes/Computacao Grafica/cg_ufpel/external" />
         <Option object_output="./" />
         <Option type="2" />
         <Option compiler="gcc" />
         <Compiler>
            <Add option="-DTW_STATIC" />
            <Add option="-DTW_NO_LIB_PRAGMA" />
            <Add option="-DTW_NO_DIRECT3D" />
            <Add option="-DGLEW_STATIC" />
            <Add option="-D_CRT_SECURE_NO_WARNINGS" />
            <Add option="-D_UNIX" />
            <Add option="-DASSIMP_BUILD_BOOST_WORKAROUND" />
            <Add directory="/home/viniciusmoraes/Computacao Grafica/cg_ufpel/external/AntTweakBar-1.16/include" />
            <Add directory="/home/viniciusmoraes/Computacao Grafica/cg_ufpel/external/assimp-3.0.1270/code/BoostWorkaround" />
            <Add directory="/home/viniciusmoraes/Computacao Grafica/cg_ufpel/external/glew-1.9.0/include" />
            <Add directory="/home/viniciusmoraes/Computacao Grafica/cg_ufpel/external/glfw-3.0.3/include/GLFW" />
         </Compiler>
         <MakeCommands>
            <Build command="/usr/bin/make -f &quot;/home/viniciusmoraes/Computacao\ Grafica/cg_ufpel/external/Makefile&quot;  VERBOSE=1 GLEW_190/fast" />
            <CompileFile command="/usr/bin/make -f &quot;/home/viniciusmoraes/Computacao\ Grafica/cg_ufpel/external/Makefile&quot;  VERBOSE=1 &quot;$file&quot;" />
            <Clean command="/usr/bin/make -f &quot;/home/viniciusmoraes/Computacao\ Grafica/cg_ufpel/external/Makefile&quot;  VERBOSE=1 clean" />
            <DistClean command="/usr/bin/make -f &quot;/home/viniciusmoraes/Computacao\ Grafica/cg_ufpel/external/Makefile&quot;  VERBOSE=1 clean" />
         </MakeCommands>
      </Target>
      <Target title="GLFW_303">
         <Option output="/home/viniciusmoraes/Computacao Grafica/cg_ufpel/external/glfw-3.0.3/src/libglfw3.a" prefix_auto="0" extension_auto="0" />
         <Option working_dir="/home/viniciusmoraes/Computacao Grafica/cg_ufpel/external/glfw-3.0.3/src" />
         <Option object_output="./" />
         <Option type="2" />
         <Option compiler="gcc" />
         <Compiler>
            <Add option="-DTW_STATIC" />
            <Add option="-DTW_NO_LIB_PRAGMA" />
            <Add option="-DTW_NO_DIRECT3D" />
            <Add option="-DGLEW_STATIC" />
            <Add option="-D_CRT_SECURE_NO_WARNINGS" />
            <Add directory="/home/viniciusmoraes/Computacao Grafica/cg_ufpel/external/glfw-3.0.3/src" />
         </Compiler>
         <MakeCommands>
            <Build command="/usr/bin/make -f &quot;/home/viniciusmoraes/Computacao\ Grafica/cg_ufpel/external/glfw-3.0.3/src/Makefile&quot;  VERBOSE=1 GLFW_303" />
            <CompileFile command="/usr/bin/make -f &quot;/home/viniciusmoraes/Computacao\ Grafica/cg_ufpel/external/glfw-3.0.3/src/Makefile&quot;  VERBOSE=1 &quot;$file&quot;" />
            <Clean command="/usr/bin/make -f &quot;/home/viniciusmoraes/Computacao\ Grafica/cg_ufpel/external/glfw-3.0.3/src/Makefile&quot;  VERBOSE=1 clean" />
            <DistClean command="/usr/bin/make -f &quot;/home/viniciusmoraes/Computacao\ Grafica/cg_ufpel/external/glfw-3.0.3/src/Makefile&quot;  VERBOSE=1 clean" />
         </MakeCommands>
      </Target>
      <Target title="GLFW_303/fast">
         <Option output="/home/viniciusmoraes/Computacao Grafica/cg_ufpel/external/glfw-3.0.3/src/libglfw3.a" prefix_auto="0" extension_auto="0" />
         <Option working_dir="/home/viniciusmoraes/Computacao Grafica/cg_ufpel/external/glfw-3.0.3/src" />
         <Option object_output="./" />
         <Option type="2" />
         <Option compiler="gcc" />
         <Compiler>
            <Add option="-DTW_STATIC" />
            <Add option="-DTW_NO_LIB_PRAGMA" />
            <Add option="-DTW_NO_DIRECT3D" />
            <Add option="-DGLEW_STATIC" />
            <Add option="-D_CRT_SECURE_NO_WARNINGS" />
            <Add directory="/home/viniciusmoraes/Computacao Grafica/cg_ufpel/external/glfw-3.0.3/src" />
         </Compiler>
         <MakeCommands>
            <Build command="/usr/bin/make -f &quot;/home/viniciusmoraes/Computacao\ Grafica/cg_ufpel/external/glfw-3.0.3/src/Makefile&quot;  VERBOSE=1 GLFW_303/fast" />
            <CompileFile command="/usr/bin/make -f &quot;/home/viniciusmoraes/Computacao\ Grafica/cg_ufpel/external/glfw-3.0.3/src/Makefile&quot;  VERBOSE=1 &quot;$file&quot;" />
            <Clean command="/usr/bin/make -f &quot;/home/viniciusmoraes/Computacao\ Grafica/cg_ufpel/external/glfw-3.0.3/src/Makefile&quot;  VERBOSE=1 clean" />
            <DistClean command="/usr/bin/make -f &quot;/home/viniciusmoraes/Computacao\ Grafica/cg_ufpel/external/glfw-3.0.3/src/Makefile&quot;  VERBOSE=1 clean" />
         </MakeCommands>
      </Target>
      <Target title="zlib">
         <Option output="/home/viniciusmoraes/Computacao Grafica/cg_ufpel/external/assimp-3.0.1270/contrib/zlib/libz.a" prefix_auto="0" extension_auto="0" />
         <Option working_dir="/home/viniciusmoraes/Computacao Grafica/cg_ufpel/external/assimp-3.0.1270/contrib/zlib" />
         <Option object_output="./" />
         <Option type="2" />
         <Option compiler="gcc" />
         <Compiler>
            <Add option="-DTW_STATIC" />
            <Add option="-DTW_NO_LIB_PRAGMA" />
            <Add option="-DTW_NO_DIRECT3D" />
            <Add option="-DGLEW_STATIC" />
            <Add option="-D_CRT_SECURE_NO_WARNINGS" />
            <Add option="-D_UNIX" />
            <Add option="-D_LARGEFILE64_SOURCE=1" />
            <Add directory="/home/viniciusmoraes/Computacao Grafica/cg_ufpel/external/AntTweakBar-1.16/include" />
            <Add directory="/home/viniciusmoraes/Computacao Grafica/cg_ufpel/external/assimp-3.0.1270/contrib/zlib" />
            <Add directory="/home/viniciusmoraes/Computacao Grafica/cg_ufpel/external/glew-1.9.0/include" />
            <Add directory="/home/viniciusmoraes/Computacao Grafica/cg_ufpel/external/glfw-3.0.3/include/GLFW" />
         </Compiler>
         <MakeCommands>
            <Build command="/usr/bin/make -f &quot;/home/viniciusmoraes/Computacao\ Grafica/cg_ufpel/external/assimp-3.0.1270/contrib/zlib/Makefile&quot;  VERBOSE=1 zlib" />
            <CompileFile command="/usr/bin/make -f &quot;/home/viniciusmoraes/Computacao\ Grafica/cg_ufpel/external/assimp-3.0.1270/contrib/zlib/Makefile&quot;  VERBOSE=1 &quot;$file&quot;" />
            <Clean command="/usr/bin/make -f &quot;/home/viniciusmoraes/Computacao\ Grafica/cg_ufpel/external/assimp-3.0.1270/contrib/zlib/Makefile&quot;  VERBOSE=1 clean" />
            <DistClean command="/usr/bin/make -f &quot;/home/viniciusmoraes/Computacao\ Grafica/cg_ufpel/external/assimp-3.0.1270/contrib/zlib/Makefile&quot;  VERBOSE=1 clean" />
         </MakeCommands>
      </Target>
      <Target title="zlib/fast">
         <Option output="/home/viniciusmoraes/Computacao Grafica/cg_ufpel/external/assimp-3.0.1270/contrib/zlib/libz.a" prefix_auto="0" extension_auto="0" />
         <Option working_dir="/home/viniciusmoraes/Computacao Grafica/cg_ufpel/external/assimp-3.0.1270/contrib/zlib" />
         <Option object_output="./" />
         <Option type="2" />
         <Option compiler="gcc" />
         <Compiler>
            <Add option="-DTW_STATIC" />
            <Add option="-DTW_NO_LIB_PRAGMA" />
            <Add option="-DTW_NO_DIRECT3D" />
            <Add option="-DGLEW_STATIC" />
            <Add option="-D_CRT_SECURE_NO_WARNINGS" />
            <Add option="-D_UNIX" />
            <Add option="-D_LARGEFILE64_SOURCE=1" />
            <Add directory="/home/viniciusmoraes/Computacao Grafica/cg_ufpel/external/AntTweakBar-1.16/include" />
            <Add directory="/home/viniciusmoraes/Computacao Grafica/cg_ufpel/external/assimp-3.0.1270/contrib/zlib" />
            <Add directory="/home/viniciusmoraes/Computacao Grafica/cg_ufpel/external/glew-1.9.0/include" />
            <Add directory="/home/viniciusmoraes/Computacao Grafica/cg_ufpel/external/glfw-3.0.3/include/GLFW" />
         </Compiler>
         <MakeCommands>
            <Build command="/usr/bin/make -f &quot;/home/viniciusmoraes/Computacao\ Grafica/cg_ufpel/external/assimp-3.0.1270/contrib/zlib/Makefile&quot;  VERBOSE=1 zlib/fast" />
            <CompileFile command="/usr/bin/make -f &quot;/home/viniciusmoraes/Computacao\ Grafica/cg_ufpel/external/assimp-3.0.1270/contrib/zlib/Makefile&quot;  VERBOSE=1 &quot;$file&quot;" />
            <Clean command="/usr/bin/make -f &quot;/home/viniciusmoraes/Computacao\ Grafica/cg_ufpel/external/assimp-3.0.1270/contrib/zlib/Makefile&quot;  VERBOSE=1 clean" />
            <DistClean command="/usr/bin/make -f &quot;/home/viniciusmoraes/Computacao\ Grafica/cg_ufpel/external/assimp-3.0.1270/contrib/zlib/Makefile&quot;  VERBOSE=1 clean" />
         </MakeCommands>
      </Target>
      <Target title="assimp">
         <Option output="/home/viniciusmoraes/Computacao Grafica/cg_ufpel/external/assimp-3.0.1270/code/libassimp.a" prefix_auto="0" extension_auto="0" />
         <Option working_dir="/home/viniciusmoraes/Computacao Grafica/cg_ufpel/external/assimp-3.0.1270/code" />
         <Option object_output="./" />
         <Option type="2" />
         <Option compiler="gcc" />
         <Compiler>
            <Add option="-DTW_STATIC" />
            <Add option="-DTW_NO_LIB_PRAGMA" />
            <Add option="-DTW_NO_DIRECT3D" />
            <Add option="-DGLEW_STATIC" />
            <Add option="-D_CRT_SECURE_NO_WARNINGS" />
            <Add option="-D_UNIX" />
            <Add option="-DASSIMP_BUILD_BOOST_WORKAROUND" />
            <Add option="-DASSIMP_BUILD_DLL_EXPORT" />
            <Add directory="/home/viniciusmoraes/Computacao Grafica/cg_ufpel/external/AntTweakBar-1.16/include" />
            <Add directory="/home/viniciusmoraes/Computacao Grafica/cg_ufpel/external/assimp-3.0.1270/code/../contrib/unzip" />
            <Add directory="/home/viniciusmoraes/Computacao Grafica/cg_ufpel/external/assimp-3.0.1270/code/BoostWorkaround" />
            <Add directory="/home/viniciusmoraes/Computacao Grafica/cg_ufpel/external/glew-1.9.0/include" />
            <Add directory="/home/viniciusmoraes/Computacao Grafica/cg_ufpel/external/glfw-3.0.3/include/GLFW" />
         </Compiler>
         <MakeCommands>
            <Build command="/usr/bin/make -f &quot;/home/viniciusmoraes/Computacao\ Grafica/cg_ufpel/external/assimp-3.0.1270/code/Makefile&quot;  VERBOSE=1 assimp" />
            <CompileFile command="/usr/bin/make -f &quot;/home/viniciusmoraes/Computacao\ Grafica/cg_ufpel/external/assimp-3.0.1270/code/Makefile&quot;  VERBOSE=1 &quot;$file&quot;" />
            <Clean command="/usr/bin/make -f &quot;/home/viniciusmoraes/Computacao\ Grafica/cg_ufpel/external/assimp-3.0.1270/code/Makefile&quot;  VERBOSE=1 clean" />
            <DistClean command="/usr/bin/make -f &quot;/home/viniciusmoraes/Computacao\ Grafica/cg_ufpel/external/assimp-3.0.1270/code/Makefile&quot;  VERBOSE=1 clean" />
         </MakeCommands>
      </Target>
      <Target title="assimp/fast">
         <Option output="/home/viniciusmoraes/Computacao Grafica/cg_ufpel/external/assimp-3.0.1270/code/libassimp.a" prefix_auto="0" extension_auto="0" />
         <Option working_dir="/home/viniciusmoraes/Computacao Grafica/cg_ufpel/external/assimp-3.0.1270/code" />
         <Option object_output="./" />
         <Option type="2" />
         <Option compiler="gcc" />
         <Compiler>
            <Add option="-DTW_STATIC" />
            <Add option="-DTW_NO_LIB_PRAGMA" />
            <Add option="-DTW_NO_DIRECT3D" />
            <Add option="-DGLEW_STATIC" />
            <Add option="-D_CRT_SECURE_NO_WARNINGS" />
            <Add option="-D_UNIX" />
            <Add option="-DASSIMP_BUILD_BOOST_WORKAROUND" />
            <Add option="-DASSIMP_BUILD_DLL_EXPORT" />
            <Add directory="/home/viniciusmoraes/Computacao Grafica/cg_ufpel/external/AntTweakBar-1.16/include" />
            <Add directory="/home/viniciusmoraes/Computacao Grafica/cg_ufpel/external/assimp-3.0.1270/code/../contrib/unzip" />
            <Add directory="/home/viniciusmoraes/Computacao Grafica/cg_ufpel/external/assimp-3.0.1270/code/BoostWorkaround" />
            <Add directory="/home/viniciusmoraes/Computacao Grafica/cg_ufpel/external/glew-1.9.0/include" />
            <Add directory="/home/viniciusmoraes/Computacao Grafica/cg_ufpel/external/glfw-3.0.3/include/GLFW" />
         </Compiler>
         <MakeCommands>
            <Build command="/usr/bin/make -f &quot;/home/viniciusmoraes/Computacao\ Grafica/cg_ufpel/external/assimp-3.0.1270/code/Makefile&quot;  VERBOSE=1 assimp/fast" />
            <CompileFile command="/usr/bin/make -f &quot;/home/viniciusmoraes/Computacao\ Grafica/cg_ufpel/external/assimp-3.0.1270/code/Makefile&quot;  VERBOSE=1 &quot;$file&quot;" />
            <Clean command="/usr/bin/make -f &quot;/home/viniciusmoraes/Computacao\ Grafica/cg_ufpel/external/assimp-3.0.1270/code/Makefile&quot;  VERBOSE=1 clean" />
            <DistClean command="/usr/bin/make -f &quot;/home/viniciusmoraes/Computacao\ Grafica/cg_ufpel/external/assimp-3.0.1270/code/Makefile&quot;  VERBOSE=1 clean" />
         </MakeCommands>
      </Target>
      </Build>
      <Unit filename="/home/viniciusmoraes/Computacao Grafica/cg_ufpel/external/AntTweakBar-1.16/src/LoadOGL.cpp">
      </Unit>
      <Unit filename="/home/viniciusmoraes/Computacao Grafica/cg_ufpel/external/AntTweakBar-1.16/src/LoadOGLCore.cpp">
      </Unit>
      <Unit filename="/home/viniciusmoraes/Computacao Grafica/cg_ufpel/external/AntTweakBar-1.16/src/TwBar.cpp">
      </Unit>
      <Unit filename="/home/viniciusmoraes/Computacao Grafica/cg_ufpel/external/AntTweakBar-1.16/src/TwColors.cpp">
      </Unit>
      <Unit filename="/home/viniciusmoraes/Computacao Grafica/cg_ufpel/external/AntTweakBar-1.16/src/TwEventGLFW.c">
      </Unit>
      <Unit filename="/home/viniciusmoraes/Computacao Grafica/cg_ufpel/external/AntTweakBar-1.16/src/TwFonts.cpp">
      </Unit>
      <Unit filename="/home/viniciusmoraes/Computacao Grafica/cg_ufpel/external/AntTweakBar-1.16/src/TwMgr.cpp">
      </Unit>
      <Unit filename="/home/viniciusmoraes/Computacao Grafica/cg_ufpel/external/AntTweakBar-1.16/src/TwOpenGL.cpp">
      </Unit>
      <Unit filename="/home/viniciusmoraes/Computacao Grafica/cg_ufpel/external/AntTweakBar-1.16/src/TwOpenGLCore.cpp">
      </Unit>
      <Unit filename="/home/viniciusmoraes/Computacao Grafica/cg_ufpel/external/AntTweakBar-1.16/src/TwPrecomp.cpp">
      </Unit>
      <Unit filename="/home/viniciusmoraes/Computacao Grafica/cg_ufpel/external/assimp-3.0.1270/code/3DSConverter.cpp">
      </Unit>
      <Unit filename="/home/viniciusmoraes/Computacao Grafica/cg_ufpel/external/assimp-3.0.1270/code/3DSLoader.cpp">
      </Unit>
      <Unit filename="/home/viniciusmoraes/Computacao Grafica/cg_ufpel/external/assimp-3.0.1270/code/ACLoader.cpp">
      </Unit>
      <Unit filename="/home/viniciusmoraes/Computacao Grafica/cg_ufpel/external/assimp-3.0.1270/code/ASELoader.cpp">
      </Unit>
      <Unit filename="/home/viniciusmoraes/Computacao Grafica/cg_ufpel/external/assimp-3.0.1270/code/ASEParser.cpp">
      </Unit>
      <Unit filename="/home/viniciusmoraes/Computacao Grafica/cg_ufpel/external/assimp-3.0.1270/code/Assimp.cpp">
      </Unit>
      <Unit filename="/home/viniciusmoraes/Computacao Grafica/cg_ufpel/external/assimp-3.0.1270/code/AssimpCExport.cpp">
      </Unit>
      <Unit filename="/home/viniciusmoraes/Computacao Grafica/cg_ufpel/external/assimp-3.0.1270/code/AssimpPCH.cpp">
      </Unit>
      <Unit filename="/home/viniciusmoraes/Computacao Grafica/cg_ufpel/external/assimp-3.0.1270/code/B3DImporter.cpp">
      </Unit>
      <Unit filename="/home/viniciusmoraes/Computacao Grafica/cg_ufpel/external/assimp-3.0.1270/code/BVHLoader.cpp">
      </Unit>
      <Unit filename="/home/viniciusmoraes/Computacao Grafica/cg_ufpel/external/assimp-3.0.1270/code/BaseImporter.cpp">
      </Unit>
      <Unit filename="/home/viniciusmoraes/Computacao Grafica/cg_ufpel/external/assimp-3.0.1270/code/BaseProcess.cpp">
      </Unit>
      <Unit filename="/home/viniciusmoraes/Computacao Grafica/cg_ufpel/external/assimp-3.0.1270/code/BlenderDNA.cpp">
      </Unit>
      <Unit filename="/home/viniciusmoraes/Computacao Grafica/cg_ufpel/external/assimp-3.0.1270/code/BlenderLoader.cpp">
      </Unit>
      <Unit filename="/home/viniciusmoraes/Computacao Grafica/cg_ufpel/external/assimp-3.0.1270/code/BlenderModifier.cpp">
      </Unit>
      <Unit filename="/home/viniciusmoraes/Computacao Grafica/cg_ufpel/external/assimp-3.0.1270/code/BlenderScene.cpp">
      </Unit>
      <Unit filename="/home/viniciusmoraes/Computacao Grafica/cg_ufpel/external/assimp-3.0.1270/code/COBLoader.cpp">
      </Unit>
      <Unit filename="/home/viniciusmoraes/Computacao Grafica/cg_ufpel/external/assimp-3.0.1270/code/CSMLoader.cpp">
      </Unit>
      <Unit filename="/home/viniciusmoraes/Computacao Grafica/cg_ufpel/external/assimp-3.0.1270/code/CalcTangentsProcess.cpp">
      </Unit>
      <Unit filename="/home/viniciusmoraes/Computacao Grafica/cg_ufpel/external/assimp-3.0.1270/code/ColladaExporter.cpp">
      </Unit>
      <Unit filename="/home/viniciusmoraes/Computacao Grafica/cg_ufpel/external/assimp-3.0.1270/code/ColladaLoader.cpp">
      </Unit>
      <Unit filename="/home/viniciusmoraes/Computacao Grafica/cg_ufpel/external/assimp-3.0.1270/code/ColladaParser.cpp">
      </Unit>
      <Unit filename="/home/viniciusmoraes/Computacao Grafica/cg_ufpel/external/assimp-3.0.1270/code/ComputeUVMappingProcess.cpp">
      </Unit>
      <Unit filename="/home/viniciusmoraes/Computacao Grafica/cg_ufpel/external/assimp-3.0.1270/code/ConvertToLHProcess.cpp">
      </Unit>
      <Unit filename="/home/viniciusmoraes/Computacao Grafica/cg_ufpel/external/assimp-3.0.1270/code/DXFLoader.cpp">
      </Unit>
      <Unit filename="/home/viniciusmoraes/Computacao Grafica/cg_ufpel/external/assimp-3.0.1270/code/DeboneProcess.cpp">
      </Unit>
      <Unit filename="/home/viniciusmoraes/Computacao Grafica/cg_ufpel/external/assimp-3.0.1270/code/DefaultIOStream.cpp">
      </Unit>
      <Unit filename="/home/viniciusmoraes/Computacao Grafica/cg_ufpel/external/assimp-3.0.1270/code/DefaultIOSystem.cpp">
      </Unit>
      <Unit filename="/home/viniciusmoraes/Computacao Grafica/cg_ufpel/external/assimp-3.0.1270/code/DefaultLogger.cpp">
      </Unit>
      <Unit filename="/home/viniciusmoraes/Computacao Grafica/cg_ufpel/external/assimp-3.0.1270/code/Exporter.cpp">
      </Unit>
      <Unit filename="/home/viniciusmoraes/Computacao Grafica/cg_ufpel/external/assimp-3.0.1270/code/FindDegenerates.cpp">
      </Unit>
      <Unit filename="/home/viniciusmoraes/Computacao Grafica/cg_ufpel/external/assimp-3.0.1270/code/FindInstancesProcess.cpp">
      </Unit>
      <Unit filename="/home/viniciusmoraes/Computacao Grafica/cg_ufpel/external/assimp-3.0.1270/code/FindInvalidDataProcess.cpp">
      </Unit>
      <Unit filename="/home/viniciusmoraes/Computacao Grafica/cg_ufpel/external/assimp-3.0.1270/code/FixNormalsStep.cpp">
      </Unit>
      <Unit filename="/home/viniciusmoraes/Computacao Grafica/cg_ufpel/external/assimp-3.0.1270/code/GenFaceNormalsProcess.cpp">
      </Unit>
      <Unit filename="/home/viniciusmoraes/Computacao Grafica/cg_ufpel/external/assimp-3.0.1270/code/GenVertexNormalsProcess.cpp">
      </Unit>
      <Unit filename="/home/viniciusmoraes/Computacao Grafica/cg_ufpel/external/assimp-3.0.1270/code/HMPLoader.cpp">
      </Unit>
      <Unit filename="/home/viniciusmoraes/Computacao Grafica/cg_ufpel/external/assimp-3.0.1270/code/IFCCurve.cpp">
      </Unit>
      <Unit filename="/home/viniciusmoraes/Computacao Grafica/cg_ufpel/external/assimp-3.0.1270/code/IFCGeometry.cpp">
      </Unit>
      <Unit filename="/home/viniciusmoraes/Computacao Grafica/cg_ufpel/external/assimp-3.0.1270/code/IFCLoader.cpp">
      </Unit>
      <Unit filename="/home/viniciusmoraes/Computacao Grafica/cg_ufpel/external/assimp-3.0.1270/code/IFCMaterial.cpp">
      </Unit>
      <Unit filename="/home/viniciusmoraes/Computacao Grafica/cg_ufpel/external/assimp-3.0.1270/code/IFCProfile.cpp">
      </Unit>
      <Unit filename="/home/viniciusmoraes/Computacao Grafica/cg_ufpel/external/assimp-3.0.1270/code/IFCReaderGen.cpp">
      </Unit>
      <Unit filename="/home/viniciusmoraes/Computacao Grafica/cg_ufpel/external/assimp-3.0.1270/code/IFCUtil.cpp">
      </Unit>
      <Unit filename="/home/viniciusmoraes/Computacao Grafica/cg_ufpel/external/assimp-3.0.1270/code/IRRLoader.cpp">
      </Unit>
      <Unit filename="/home/viniciusmoraes/Computacao Grafica/cg_ufpel/external/assimp-3.0.1270/code/IRRMeshLoader.cpp">
      </Unit>
      <Unit filename="/home/viniciusmoraes/Computacao Grafica/cg_ufpel/external/assimp-3.0.1270/code/IRRShared.cpp">
      </Unit>
      <Unit filename="/home/viniciusmoraes/Computacao Grafica/cg_ufpel/external/assimp-3.0.1270/code/Importer.cpp">
      </Unit>
      <Unit filename="/home/viniciusmoraes/Computacao Grafica/cg_ufpel/external/assimp-3.0.1270/code/ImporterRegistry.cpp">
      </Unit>
      <Unit filename="/home/viniciusmoraes/Computacao Grafica/cg_ufpel/external/assimp-3.0.1270/code/ImproveCacheLocality.cpp">
      </Unit>
      <Unit filename="/home/viniciusmoraes/Computacao Grafica/cg_ufpel/external/assimp-3.0.1270/code/JoinVerticesProcess.cpp">
      </Unit>
      <Unit filename="/home/viniciusmoraes/Computacao Grafica/cg_ufpel/external/assimp-3.0.1270/code/LWOAnimation.cpp">
      </Unit>
      <Unit filename="/home/viniciusmoraes/Computacao Grafica/cg_ufpel/external/assimp-3.0.1270/code/LWOBLoader.cpp">
      </Unit>
      <Unit filename="/home/viniciusmoraes/Computacao Grafica/cg_ufpel/external/assimp-3.0.1270/code/LWOLoader.cpp">
      </Unit>
      <Unit filename="/home/viniciusmoraes/Computacao Grafica/cg_ufpel/external/assimp-3.0.1270/code/LWOMaterial.cpp">
      </Unit>
      <Unit filename="/home/viniciusmoraes/Computacao Grafica/cg_ufpel/external/assimp-3.0.1270/code/LWSLoader.cpp">
      </Unit>
      <Unit filename="/home/viniciusmoraes/Computacao Grafica/cg_ufpel/external/assimp-3.0.1270/code/LimitBoneWeightsProcess.cpp">
      </Unit>
      <Unit filename="/home/viniciusmoraes/Computacao Grafica/cg_ufpel/external/assimp-3.0.1270/code/M3Importer.cpp">
      </Unit>
      <Unit filename="/home/viniciusmoraes/Computacao Grafica/cg_ufpel/external/assimp-3.0.1270/code/MD2Loader.cpp">
      </Unit>
      <Unit filename="/home/viniciusmoraes/Computacao Grafica/cg_ufpel/external/assimp-3.0.1270/code/MD3Loader.cpp">
      </Unit>
      <Unit filename="/home/viniciusmoraes/Computacao Grafica/cg_ufpel/external/assimp-3.0.1270/code/MD5Loader.cpp">
      </Unit>
      <Unit filename="/home/viniciusmoraes/Computacao Grafica/cg_ufpel/external/assimp-3.0.1270/code/MD5Parser.cpp">
      </Unit>
      <Unit filename="/home/viniciusmoraes/Computacao Grafica/cg_ufpel/external/assimp-3.0.1270/code/MDCLoader.cpp">
      </Unit>
      <Unit filename="/home/viniciusmoraes/Computacao Grafica/cg_ufpel/external/assimp-3.0.1270/code/MDLLoader.cpp">
      </Unit>
      <Unit filename="/home/viniciusmoraes/Computacao Grafica/cg_ufpel/external/assimp-3.0.1270/code/MDLMaterialLoader.cpp">
      </Unit>
      <Unit filename="/home/viniciusmoraes/Computacao Grafica/cg_ufpel/external/assimp-3.0.1270/code/MS3DLoader.cpp">
      </Unit>
      <Unit filename="/home/viniciusmoraes/Computacao Grafica/cg_ufpel/external/assimp-3.0.1270/code/MakeVerboseFormat.cpp">
      </Unit>
      <Unit filename="/home/viniciusmoraes/Computacao Grafica/cg_ufpel/external/assimp-3.0.1270/code/MaterialSystem.cpp">
      </Unit>
      <Unit filename="/home/viniciusmoraes/Computacao Grafica/cg_ufpel/external/assimp-3.0.1270/code/NDOLoader.cpp">
      </Unit>
      <Unit filename="/home/viniciusmoraes/Computacao Grafica/cg_ufpel/external/assimp-3.0.1270/code/NFFLoader.cpp">
      </Unit>
      <Unit filename="/home/viniciusmoraes/Computacao Grafica/cg_ufpel/external/assimp-3.0.1270/code/OFFLoader.cpp">
      </Unit>
      <Unit filename="/home/viniciusmoraes/Computacao Grafica/cg_ufpel/external/assimp-3.0.1270/code/ObjExporter.cpp">
      </Unit>
      <Unit filename="/home/viniciusmoraes/Computacao Grafica/cg_ufpel/external/assimp-3.0.1270/code/ObjFileImporter.cpp">
      </Unit>
      <Unit filename="/home/viniciusmoraes/Computacao Grafica/cg_ufpel/external/assimp-3.0.1270/code/ObjFileMtlImporter.cpp">
      </Unit>
      <Unit filename="/home/viniciusmoraes/Computacao Grafica/cg_ufpel/external/assimp-3.0.1270/code/ObjFileParser.cpp">
      </Unit>
      <Unit filename="/home/viniciusmoraes/Computacao Grafica/cg_ufpel/external/assimp-3.0.1270/code/OgreImporter.cpp">
      </Unit>
      <Unit filename="/home/viniciusmoraes/Computacao Grafica/cg_ufpel/external/assimp-3.0.1270/code/OgreMaterial.cpp">
      </Unit>
      <Unit filename="/home/viniciusmoraes/Computacao Grafica/cg_ufpel/external/assimp-3.0.1270/code/OgreMesh.cpp">
      </Unit>
      <Unit filename="/home/viniciusmoraes/Computacao Grafica/cg_ufpel/external/assimp-3.0.1270/code/OgreSkeleton.cpp">
      </Unit>
      <Unit filename="/home/viniciusmoraes/Computacao Grafica/cg_ufpel/external/assimp-3.0.1270/code/OptimizeGraph.cpp">
      </Unit>
      <Unit filename="/home/viniciusmoraes/Computacao Grafica/cg_ufpel/external/assimp-3.0.1270/code/OptimizeMeshes.cpp">
      </Unit>
      <Unit filename="/home/viniciusmoraes/Computacao Grafica/cg_ufpel/external/assimp-3.0.1270/code/PlyExporter.cpp">
      </Unit>
      <Unit filename="/home/viniciusmoraes/Computacao Grafica/cg_ufpel/external/assimp-3.0.1270/code/PlyLoader.cpp">
      </Unit>
      <Unit filename="/home/viniciusmoraes/Computacao Grafica/cg_ufpel/external/assimp-3.0.1270/code/PlyParser.cpp">
      </Unit>
      <Unit filename="/home/viniciusmoraes/Computacao Grafica/cg_ufpel/external/assimp-3.0.1270/code/PostStepRegistry.cpp">
      </Unit>
      <Unit filename="/home/viniciusmoraes/Computacao Grafica/cg_ufpel/external/assimp-3.0.1270/code/PretransformVertices.cpp">
      </Unit>
      <Unit filename="/home/viniciusmoraes/Computacao Grafica/cg_ufpel/external/assimp-3.0.1270/code/ProcessHelper.cpp">
      </Unit>
      <Unit filename="/home/viniciusmoraes/Computacao Grafica/cg_ufpel/external/assimp-3.0.1270/code/Q3BSPFileImporter.cpp">
      </Unit>
      <Unit filename="/home/viniciusmoraes/Computacao Grafica/cg_ufpel/external/assimp-3.0.1270/code/Q3BSPFileParser.cpp">
      </Unit>
      <Unit filename="/home/viniciusmoraes/Computacao Grafica/cg_ufpel/external/assimp-3.0.1270/code/Q3BSPZipArchive.cpp">
      </Unit>
      <Unit filename="/home/viniciusmoraes/Computacao Grafica/cg_ufpel/external/assimp-3.0.1270/code/Q3DLoader.cpp">
      </Unit>
      <Unit filename="/home/viniciusmoraes/Computacao Grafica/cg_ufpel/external/assimp-3.0.1270/code/RawLoader.cpp">
      </Unit>
      <Unit filename="/home/viniciusmoraes/Computacao Grafica/cg_ufpel/external/assimp-3.0.1270/code/RemoveComments.cpp">
      </Unit>
      <Unit filename="/home/viniciusmoraes/Computacao Grafica/cg_ufpel/external/assimp-3.0.1270/code/RemoveRedundantMaterials.cpp">
      </Unit>
      <Unit filename="/home/viniciusmoraes/Computacao Grafica/cg_ufpel/external/assimp-3.0.1270/code/RemoveVCProcess.cpp">
      </Unit>
      <Unit filename="/home/viniciusmoraes/Computacao Grafica/cg_ufpel/external/assimp-3.0.1270/code/SGSpatialSort.cpp">
      </Unit>
      <Unit filename="/home/viniciusmoraes/Computacao Grafica/cg_ufpel/external/assimp-3.0.1270/code/SMDLoader.cpp">
      </Unit>
      <Unit filename="/home/viniciusmoraes/Computacao Grafica/cg_ufpel/external/assimp-3.0.1270/code/STEPFileReader.cpp">
      </Unit>
      <Unit filename="/home/viniciusmoraes/Computacao Grafica/cg_ufpel/external/assimp-3.0.1270/code/STLExporter.cpp">
      </Unit>
      <Unit filename="/home/viniciusmoraes/Computacao Grafica/cg_ufpel/external/assimp-3.0.1270/code/STLLoader.cpp">
      </Unit>
      <Unit filename="/home/viniciusmoraes/Computacao Grafica/cg_ufpel/external/assimp-3.0.1270/code/SceneCombiner.cpp">
      </Unit>
      <Unit filename="/home/viniciusmoraes/Computacao Grafica/cg_ufpel/external/assimp-3.0.1270/code/ScenePreprocessor.cpp">
      </Unit>
      <Unit filename="/home/viniciusmoraes/Computacao Grafica/cg_ufpel/external/assimp-3.0.1270/code/SkeletonMeshBuilder.cpp">
      </Unit>
      <Unit filename="/home/viniciusmoraes/Computacao Grafica/cg_ufpel/external/assimp-3.0.1270/code/SortByPTypeProcess.cpp">
      </Unit>
      <Unit filename="/home/viniciusmoraes/Computacao Grafica/cg_ufpel/external/assimp-3.0.1270/code/SpatialSort.cpp">
      </Unit>
      <Unit filename="/home/viniciusmoraes/Computacao Grafica/cg_ufpel/external/assimp-3.0.1270/code/SplitByBoneCountProcess.cpp">
      </Unit>
      <Unit filename="/home/viniciusmoraes/Computacao Grafica/cg_ufpel/external/assimp-3.0.1270/code/SplitLargeMeshes.cpp">
      </Unit>
      <Unit filename="/home/viniciusmoraes/Computacao Grafica/cg_ufpel/external/assimp-3.0.1270/code/StandardShapes.cpp">
      </Unit>
      <Unit filename="/home/viniciusmoraes/Computacao Grafica/cg_ufpel/external/assimp-3.0.1270/code/Subdivision.cpp">
      </Unit>
      <Unit filename="/home/viniciusmoraes/Computacao Grafica/cg_ufpel/external/assimp-3.0.1270/code/TargetAnimation.cpp">
      </Unit>
      <Unit filename="/home/viniciusmoraes/Computacao Grafica/cg_ufpel/external/assimp-3.0.1270/code/TerragenLoader.cpp">
      </Unit>
      <Unit filename="/home/viniciusmoraes/Computacao Grafica/cg_ufpel/external/assimp-3.0.1270/code/TextureTransform.cpp">
      </Unit>
      <Unit filename="/home/viniciusmoraes/Computacao Grafica/cg_ufpel/external/assimp-3.0.1270/code/TriangulateProcess.cpp">
      </Unit>
      <Unit filename="/home/viniciusmoraes/Computacao Grafica/cg_ufpel/external/assimp-3.0.1270/code/UnrealLoader.cpp">
      </Unit>
      <Unit filename="/home/viniciusmoraes/Computacao Grafica/cg_ufpel/external/assimp-3.0.1270/code/ValidateDataStructure.cpp">
      </Unit>
      <Unit filename="/home/viniciusmoraes/Computacao Grafica/cg_ufpel/external/assimp-3.0.1270/code/VertexTriangleAdjacency.cpp">
      </Unit>
      <Unit filename="/home/viniciusmoraes/Computacao Grafica/cg_ufpel/external/assimp-3.0.1270/code/XFileImporter.cpp">
      </Unit>
      <Unit filename="/home/viniciusmoraes/Computacao Grafica/cg_ufpel/external/assimp-3.0.1270/code/XFileParser.cpp">
      </Unit>
      <Unit filename="/home/viniciusmoraes/Computacao Grafica/cg_ufpel/external/assimp-3.0.1270/code/XGLLoader.cpp">
      </Unit>
      <Unit filename="/home/viniciusmoraes/Computacao Grafica/cg_ufpel/external/assimp-3.0.1270/contrib/ConvertUTF/ConvertUTF.c">
      </Unit>
      <Unit filename="/home/viniciusmoraes/Computacao Grafica/cg_ufpel/external/assimp-3.0.1270/contrib/clipper/clipper.cpp">
      </Unit>
      <Unit filename="/home/viniciusmoraes/Computacao Grafica/cg_ufpel/external/assimp-3.0.1270/contrib/irrXML/irrXML.cpp">
      </Unit>
      <Unit filename="/home/viniciusmoraes/Computacao Grafica/cg_ufpel/external/assimp-3.0.1270/contrib/poly2tri/poly2tri/common/shapes.cc">
      </Unit>
      <Unit filename="/home/viniciusmoraes/Computacao Grafica/cg_ufpel/external/assimp-3.0.1270/contrib/poly2tri/poly2tri/sweep/advancing_front.cc">
      </Unit>
      <Unit filename="/home/viniciusmoraes/Computacao Grafica/cg_ufpel/external/assimp-3.0.1270/contrib/poly2tri/poly2tri/sweep/cdt.cc">
      </Unit>
      <Unit filename="/home/viniciusmoraes/Computacao Grafica/cg_ufpel/external/assimp-3.0.1270/contrib/poly2tri/poly2tri/sweep/sweep.cc">
      </Unit>
      <Unit filename="/home/viniciusmoraes/Computacao Grafica/cg_ufpel/external/assimp-3.0.1270/contrib/poly2tri/poly2tri/sweep/sweep_context.cc">
      </Unit>
      <Unit filename="/home/viniciusmoraes/Computacao Grafica/cg_ufpel/external/assimp-3.0.1270/contrib/unzip/ioapi.c">
      </Unit>
      <Unit filename="/home/viniciusmoraes/Computacao Grafica/cg_ufpel/external/assimp-3.0.1270/contrib/unzip/unzip.c">
      </Unit>
      <Unit filename="/home/viniciusmoraes/Computacao Grafica/cg_ufpel/external/assimp-3.0.1270/contrib/zlib/adler32.c">
      </Unit>
      <Unit filename="/home/viniciusmoraes/Computacao Grafica/cg_ufpel/external/assimp-3.0.1270/contrib/zlib/compress.c">
      </Unit>
      <Unit filename="/home/viniciusmoraes/Computacao Grafica/cg_ufpel/external/assimp-3.0.1270/contrib/zlib/crc32.c">
      </Unit>
      <Unit filename="/home/viniciusmoraes/Computacao Grafica/cg_ufpel/external/assimp-3.0.1270/contrib/zlib/deflate.c">
      </Unit>
      <Unit filename="/home/viniciusmoraes/Computacao Grafica/cg_ufpel/external/assimp-3.0.1270/contrib/zlib/inffast.c">
      </Unit>
      <Unit filename="/home/viniciusmoraes/Computacao Grafica/cg_ufpel/external/assimp-3.0.1270/contrib/zlib/inflate.c">
      </Unit>
      <Unit filename="/home/viniciusmoraes/Computacao Grafica/cg_ufpel/external/assimp-3.0.1270/contrib/zlib/inftrees.c">
      </Unit>
      <Unit filename="/home/viniciusmoraes/Computacao Grafica/cg_ufpel/external/assimp-3.0.1270/contrib/zlib/trees.c">
      </Unit>
      <Unit filename="/home/viniciusmoraes/Computacao Grafica/cg_ufpel/external/assimp-3.0.1270/contrib/zlib/zutil.c">
      </Unit>
      <Unit filename="/home/viniciusmoraes/Computacao Grafica/cg_ufpel/external/glew-1.9.0/src/glew.c">
      </Unit>
      <Unit filename="/home/viniciusmoraes/Computacao Grafica/cg_ufpel/external/glfw-3.0.3/src/clipboard.c">
      </Unit>
      <Unit filename="/home/viniciusmoraes/Computacao Grafica/cg_ufpel/external/glfw-3.0.3/src/context.c">
      </Unit>
      <Unit filename="/home/viniciusmoraes/Computacao Grafica/cg_ufpel/external/glfw-3.0.3/src/gamma.c">
      </Unit>
      <Unit filename="/home/viniciusmoraes/Computacao Grafica/cg_ufpel/external/glfw-3.0.3/src/glx_context.c">
      </Unit>
      <Unit filename="/home/viniciusmoraes/Computacao Grafica/cg_ufpel/external/glfw-3.0.3/src/init.c">
      </Unit>
      <Unit filename="/home/viniciusmoraes/Computacao Grafica/cg_ufpel/external/glfw-3.0.3/src/input.c">
      </Unit>
      <Unit filename="/home/viniciusmoraes/Computacao Grafica/cg_ufpel/external/glfw-3.0.3/src/joystick.c">
      </Unit>
      <Unit filename="/home/viniciusmoraes/Computacao Grafica/cg_ufpel/external/glfw-3.0.3/src/monitor.c">
      </Unit>
      <Unit filename="/home/viniciusmoraes/Computacao Grafica/cg_ufpel/external/glfw-3.0.3/src/time.c">
      </Unit>
      <Unit filename="/home/viniciusmoraes/Computacao Grafica/cg_ufpel/external/glfw-3.0.3/src/window.c">
      </Unit>
      <Unit filename="/home/viniciusmoraes/Computacao Grafica/cg_ufpel/external/glfw-3.0.3/src/x11_clipboard.c">
      </Unit>
      <Unit filename="/home/viniciusmoraes/Computacao Grafica/cg_ufpel/external/glfw-3.0.3/src/x11_gamma.c">
      </Unit>
      <Unit filename="/home/viniciusmoraes/Computacao Grafica/cg_ufpel/external/glfw-3.0.3/src/x11_init.c">
      </Unit>
      <Unit filename="/home/viniciusmoraes/Computacao Grafica/cg_ufpel/external/glfw-3.0.3/src/x11_joystick.c">
      </Unit>
      <Unit filename="/home/viniciusmoraes/Computacao Grafica/cg_ufpel/external/glfw-3.0.3/src/x11_monitor.c">
      </Unit>
      <Unit filename="/home/viniciusmoraes/Computacao Grafica/cg_ufpel/external/glfw-3.0.3/src/x11_time.c">
      </Unit>
      <Unit filename="/home/viniciusmoraes/Computacao Grafica/cg_ufpel/external/glfw-3.0.3/src/x11_unicode.c">
      </Unit>
      <Unit filename="/home/viniciusmoraes/Computacao Grafica/cg_ufpel/external/glfw-3.0.3/src/x11_window.c">
      </Unit>
      <Unit filename="/home/viniciusmoraes/Computacao Grafica/cg_ufpel/sources/comp.cpp">
      </Unit>
      <Unit filename="/home/viniciusmoraes/Computacao Grafica/cg_ufpel/sources/controls.cpp">
      </Unit>
      <Unit filename="/home/viniciusmoraes/Computacao Grafica/cg_ufpel/sources/glerror.cpp">
      </Unit>
      <Unit filename="/home/viniciusmoraes/Computacao Grafica/cg_ufpel/sources/main.cpp">
      </Unit>
      <Unit filename="/home/viniciusmoraes/Computacao Grafica/cg_ufpel/sources/objloader.cpp">
      </Unit>
      <Unit filename="/home/viniciusmoraes/Computacao Grafica/cg_ufpel/sources/quaternion_utils.cpp">
      </Unit>
      <Unit filename="/home/viniciusmoraes/Computacao Grafica/cg_ufpel/sources/shader.cpp">
      </Unit>
      <Unit filename="/home/viniciusmoraes/Computacao Grafica/cg_ufpel/sources/tangentspace.cpp">
      </Unit>
      <Unit filename="/home/viniciusmoraes/Computacao Grafica/cg_ufpel/sources/text2D.cpp">
      </Unit>
      <Unit filename="/home/viniciusmoraes/Computacao Grafica/cg_ufpel/sources/texture.cpp">
      </Unit>
      <Unit filename="/home/viniciusmoraes/Computacao Grafica/cg_ufpel/sources/vboindexer.cpp">
      </Unit>
      <Unit filename="/home/viniciusmoraes/Computacao Grafica/cg_ufpel/external/AntTweakBar-1.16/src/AntPerfTimer.h">
      </Unit>
      <Unit filename="/home/viniciusmoraes/Computacao Grafica/cg_ufpel/external/AntTweakBar-1.16/src/LoadOGL.h">
      </Unit>
      <Unit filename="/home/viniciusmoraes/Computacao Grafica/cg_ufpel/external/AntTweakBar-1.16/src/LoadOGLCore.h">
      </Unit>
      <Unit filename="/home/viniciusmoraes/Computacao Grafica/cg_ufpel/external/AntTweakBar-1.16/src/MiniGLFW.h">
      </Unit>
      <Unit filename="/home/viniciusmoraes/Computacao Grafica/cg_ufpel/external/AntTweakBar-1.16/src/TwBar.h">
      </Unit>
      <Unit filename="/home/viniciusmoraes/Computacao Grafica/cg_ufpel/external/AntTweakBar-1.16/src/TwColors.h">
      </Unit>
      <Unit filename="/home/viniciusmoraes/Computacao Grafica/cg_ufpel/external/AntTweakBar-1.16/src/TwFonts.h">
      </Unit>
      <Unit filename="/home/viniciusmoraes/Computacao Grafica/cg_ufpel/external/AntTweakBar-1.16/src/TwGraph.h">
      </Unit>
      <Unit filename="/home/viniciusmoraes/Computacao Grafica/cg_ufpel/external/AntTweakBar-1.16/src/TwMgr.h">
      </Unit>
      <Unit filename="/home/viniciusmoraes/Computacao Grafica/cg_ufpel/external/AntTweakBar-1.16/src/TwOpenGL.h">
      </Unit>
      <Unit filename="/home/viniciusmoraes/Computacao Grafica/cg_ufpel/external/AntTweakBar-1.16/src/TwOpenGLCore.h">
      </Unit>
      <Unit filename="/home/viniciusmoraes/Computacao Grafica/cg_ufpel/external/AntTweakBar-1.16/src/TwPrecomp.h">
      </Unit>
      <Unit filename="/home/viniciusmoraes/Computacao Grafica/cg_ufpel/external/AntTweakBar-1.16/src/resource.h">
      </Unit>
      <Unit filename="/home/viniciusmoraes/Computacao Grafica/cg_ufpel/external/assimp-3.0.1270/code/3DSHelper.h">
      </Unit>
      <Unit filename="/home/viniciusmoraes/Computacao Grafica/cg_ufpel/external/assimp-3.0.1270/code/3DSLoader.h">
      </Unit>
      <Unit filename="/home/viniciusmoraes/Computacao Grafica/cg_ufpel/external/assimp-3.0.1270/code/ACLoader.h">
      </Unit>
      <Unit filename="/home/viniciusmoraes/Computacao Grafica/cg_ufpel/external/assimp-3.0.1270/code/ASELoader.h">
      </Unit>
      <Unit filename="/home/viniciusmoraes/Computacao Grafica/cg_ufpel/external/assimp-3.0.1270/code/ASEParser.h">
      </Unit>
      <Unit filename="/home/viniciusmoraes/Computacao Grafica/cg_ufpel/external/assimp-3.0.1270/code/AssimpPCH.h">
      </Unit>
      <Unit filename="/home/viniciusmoraes/Computacao Grafica/cg_ufpel/external/assimp-3.0.1270/code/B3DImporter.h">
      </Unit>
      <Unit filename="/home/viniciusmoraes/Computacao Grafica/cg_ufpel/external/assimp-3.0.1270/code/BVHLoader.h">
      </Unit>
      <Unit filename="/home/viniciusmoraes/Computacao Grafica/cg_ufpel/external/assimp-3.0.1270/code/BaseImporter.h">
      </Unit>
      <Unit filename="/home/viniciusmoraes/Computacao Grafica/cg_ufpel/external/assimp-3.0.1270/code/BaseProcess.h">
      </Unit>
      <Unit filename="/home/viniciusmoraes/Computacao Grafica/cg_ufpel/external/assimp-3.0.1270/code/BlenderDNA.h">
      </Unit>
      <Unit filename="/home/viniciusmoraes/Computacao Grafica/cg_ufpel/external/assimp-3.0.1270/code/BlenderDNA.inl">
      </Unit>
      <Unit filename="/home/viniciusmoraes/Computacao Grafica/cg_ufpel/external/assimp-3.0.1270/code/BlenderIntermediate.h">
      </Unit>
      <Unit filename="/home/viniciusmoraes/Computacao Grafica/cg_ufpel/external/assimp-3.0.1270/code/BlenderLoader.h">
      </Unit>
      <Unit filename="/home/viniciusmoraes/Computacao Grafica/cg_ufpel/external/assimp-3.0.1270/code/BlenderModifier.h">
      </Unit>
      <Unit filename="/home/viniciusmoraes/Computacao Grafica/cg_ufpel/external/assimp-3.0.1270/code/BlenderScene.h">
      </Unit>
      <Unit filename="/home/viniciusmoraes/Computacao Grafica/cg_ufpel/external/assimp-3.0.1270/code/BlenderSceneGen.h">
      </Unit>
      <Unit filename="/home/viniciusmoraes/Computacao Grafica/cg_ufpel/external/assimp-3.0.1270/code/BlobIOSystem.h">
      </Unit>
      <Unit filename="/home/viniciusmoraes/Computacao Grafica/cg_ufpel/external/assimp-3.0.1270/code/BoostWorkaround/boost/foreach.hpp">
      </Unit>
      <Unit filename="/home/viniciusmoraes/Computacao Grafica/cg_ufpel/external/assimp-3.0.1270/code/BoostWorkaround/boost/format.hpp">
      </Unit>
      <Unit filename="/home/viniciusmoraes/Computacao Grafica/cg_ufpel/external/assimp-3.0.1270/code/BoostWorkaround/boost/make_shared.hpp">
      </Unit>
      <Unit filename="/home/viniciusmoraes/Computacao Grafica/cg_ufpel/external/assimp-3.0.1270/code/BoostWorkaround/boost/math/common_factor_rt.hpp">
      </Unit>
      <Unit filename="/home/viniciusmoraes/Computacao Grafica/cg_ufpel/external/assimp-3.0.1270/code/BoostWorkaround/boost/scoped_array.hpp">
      </Unit>
      <Unit filename="/home/viniciusmoraes/Computacao Grafica/cg_ufpel/external/assimp-3.0.1270/code/BoostWorkaround/boost/scoped_ptr.hpp">
      </Unit>
      <Unit filename="/home/viniciusmoraes/Computacao Grafica/cg_ufpel/external/assimp-3.0.1270/code/BoostWorkaround/boost/shared_array.hpp">
      </Unit>
      <Unit filename="/home/viniciusmoraes/Computacao Grafica/cg_ufpel/external/assimp-3.0.1270/code/BoostWorkaround/boost/shared_ptr.hpp">
      </Unit>
      <Unit filename="/home/viniciusmoraes/Computacao Grafica/cg_ufpel/external/assimp-3.0.1270/code/BoostWorkaround/boost/static_assert.hpp">
      </Unit>
      <Unit filename="/home/viniciusmoraes/Computacao Grafica/cg_ufpel/external/assimp-3.0.1270/code/BoostWorkaround/boost/tuple/tuple.hpp">
      </Unit>
      <Unit filename="/home/viniciusmoraes/Computacao Grafica/cg_ufpel/external/assimp-3.0.1270/code/ByteSwap.h">
      </Unit>
      <Unit filename="/home/viniciusmoraes/Computacao Grafica/cg_ufpel/external/assimp-3.0.1270/code/CInterfaceIOWrapper.h">
      </Unit>
      <Unit filename="/home/viniciusmoraes/Computacao Grafica/cg_ufpel/external/assimp-3.0.1270/code/COBLoader.h">
      </Unit>
      <Unit filename="/home/viniciusmoraes/Computacao Grafica/cg_ufpel/external/assimp-3.0.1270/code/COBScene.h">
      </Unit>
      <Unit filename="/home/viniciusmoraes/Computacao Grafica/cg_ufpel/external/assimp-3.0.1270/code/CSMLoader.h">
      </Unit>
      <Unit filename="/home/viniciusmoraes/Computacao Grafica/cg_ufpel/external/assimp-3.0.1270/code/CalcTangentsProcess.h">
      </Unit>
      <Unit filename="/home/viniciusmoraes/Computacao Grafica/cg_ufpel/external/assimp-3.0.1270/code/ColladaExporter.h">
      </Unit>
      <Unit filename="/home/viniciusmoraes/Computacao Grafica/cg_ufpel/external/assimp-3.0.1270/code/ColladaHelper.h">
      </Unit>
      <Unit filename="/home/viniciusmoraes/Computacao Grafica/cg_ufpel/external/assimp-3.0.1270/code/ColladaLoader.h">
      </Unit>
      <Unit filename="/home/viniciusmoraes/Computacao Grafica/cg_ufpel/external/assimp-3.0.1270/code/ColladaParser.h">
      </Unit>
      <Unit filename="/home/viniciusmoraes/Computacao Grafica/cg_ufpel/external/assimp-3.0.1270/code/ComputeUVMappingProcess.h">
      </Unit>
      <Unit filename="/home/viniciusmoraes/Computacao Grafica/cg_ufpel/external/assimp-3.0.1270/code/ConvertToLHProcess.h">
      </Unit>
      <Unit filename="/home/viniciusmoraes/Computacao Grafica/cg_ufpel/external/assimp-3.0.1270/code/DXFHelper.h">
      </Unit>
      <Unit filename="/home/viniciusmoraes/Computacao Grafica/cg_ufpel/external/assimp-3.0.1270/code/DXFLoader.h">
      </Unit>
      <Unit filename="/home/viniciusmoraes/Computacao Grafica/cg_ufpel/external/assimp-3.0.1270/code/DeboneProcess.h">
      </Unit>
      <Unit filename="/home/viniciusmoraes/Computacao Grafica/cg_ufpel/external/assimp-3.0.1270/code/DefaultIOStream.h">
      </Unit>
      <Unit filename="/home/viniciusmoraes/Computacao Grafica/cg_ufpel/external/assimp-3.0.1270/code/DefaultIOSystem.h">
      </Unit>
      <Unit filename="/home/viniciusmoraes/Computacao Grafica/cg_ufpel/external/assimp-3.0.1270/code/DefaultProgressHandler.h">
      </Unit>
      <Unit filename="/home/viniciusmoraes/Computacao Grafica/cg_ufpel/external/assimp-3.0.1270/code/FileLogStream.h">
      </Unit>
      <Unit filename="/home/viniciusmoraes/Computacao Grafica/cg_ufpel/external/assimp-3.0.1270/code/FindDegenerates.h">
      </Unit>
      <Unit filename="/home/viniciusmoraes/Computacao Grafica/cg_ufpel/external/assimp-3.0.1270/code/FindInstancesProcess.h">
      </Unit>
      <Unit filename="/home/viniciusmoraes/Computacao Grafica/cg_ufpel/external/assimp-3.0.1270/code/FindInvalidDataProcess.h">
      </Unit>
      <Unit filename="/home/viniciusmoraes/Computacao Grafica/cg_ufpel/external/assimp-3.0.1270/code/FixNormalsStep.h">
      </Unit>
      <Unit filename="/home/viniciusmoraes/Computacao Grafica/cg_ufpel/external/assimp-3.0.1270/code/GenFaceNormalsProcess.h">
      </Unit>
      <Unit filename="/home/viniciusmoraes/Computacao Grafica/cg_ufpel/external/assimp-3.0.1270/code/GenVertexNormalsProcess.h">
      </Unit>
      <Unit filename="/home/viniciusmoraes/Computacao Grafica/cg_ufpel/external/assimp-3.0.1270/code/GenericProperty.h">
      </Unit>
      <Unit filename="/home/viniciusmoraes/Computacao Grafica/cg_ufpel/external/assimp-3.0.1270/code/HMPFileData.h">
      </Unit>
      <Unit filename="/home/viniciusmoraes/Computacao Grafica/cg_ufpel/external/assimp-3.0.1270/code/HMPLoader.h">
      </Unit>
      <Unit filename="/home/viniciusmoraes/Computacao Grafica/cg_ufpel/external/assimp-3.0.1270/code/HalfLifeFileData.h">
      </Unit>
      <Unit filename="/home/viniciusmoraes/Computacao Grafica/cg_ufpel/external/assimp-3.0.1270/code/Hash.h">
      </Unit>
      <Unit filename="/home/viniciusmoraes/Computacao Grafica/cg_ufpel/external/assimp-3.0.1270/code/IFCLoader.h">
      </Unit>
      <Unit filename="/home/viniciusmoraes/Computacao Grafica/cg_ufpel/external/assimp-3.0.1270/code/IFCReaderGen.h">
      </Unit>
      <Unit filename="/home/viniciusmoraes/Computacao Grafica/cg_ufpel/external/assimp-3.0.1270/code/IFCUtil.h">
      </Unit>
      <Unit filename="/home/viniciusmoraes/Computacao Grafica/cg_ufpel/external/assimp-3.0.1270/code/IFF.h">
      </Unit>
      <Unit filename="/home/viniciusmoraes/Computacao Grafica/cg_ufpel/external/assimp-3.0.1270/code/IRRLoader.h">
      </Unit>
      <Unit filename="/home/viniciusmoraes/Computacao Grafica/cg_ufpel/external/assimp-3.0.1270/code/IRRMeshLoader.h">
      </Unit>
      <Unit filename="/home/viniciusmoraes/Computacao Grafica/cg_ufpel/external/assimp-3.0.1270/code/IRRShared.h">
      </Unit>
      <Unit filename="/home/viniciusmoraes/Computacao Grafica/cg_ufpel/external/assimp-3.0.1270/code/Importer.h">
      </Unit>
      <Unit filename="/home/viniciusmoraes/Computacao Grafica/cg_ufpel/external/assimp-3.0.1270/code/ImproveCacheLocality.h">
      </Unit>
      <Unit filename="/home/viniciusmoraes/Computacao Grafica/cg_ufpel/external/assimp-3.0.1270/code/JoinVerticesProcess.h">
      </Unit>
      <Unit filename="/home/viniciusmoraes/Computacao Grafica/cg_ufpel/external/assimp-3.0.1270/code/LWOAnimation.h">
      </Unit>
      <Unit filename="/home/viniciusmoraes/Computacao Grafica/cg_ufpel/external/assimp-3.0.1270/code/LWOFileData.h">
      </Unit>
      <Unit filename="/home/viniciusmoraes/Computacao Grafica/cg_ufpel/external/assimp-3.0.1270/code/LWOLoader.h">
      </Unit>
      <Unit filename="/home/viniciusmoraes/Computacao Grafica/cg_ufpel/external/assimp-3.0.1270/code/LWSLoader.h">
      </Unit>
      <Unit filename="/home/viniciusmoraes/Computacao Grafica/cg_ufpel/external/assimp-3.0.1270/code/LimitBoneWeightsProcess.h">
      </Unit>
      <Unit filename="/home/viniciusmoraes/Computacao Grafica/cg_ufpel/external/assimp-3.0.1270/code/LineSplitter.h">
      </Unit>
      <Unit filename="/home/viniciusmoraes/Computacao Grafica/cg_ufpel/external/assimp-3.0.1270/code/LogAux.h">
      </Unit>
      <Unit filename="/home/viniciusmoraes/Computacao Grafica/cg_ufpel/external/assimp-3.0.1270/code/M3Importer.h">
      </Unit>
      <Unit filename="/home/viniciusmoraes/Computacao Grafica/cg_ufpel/external/assimp-3.0.1270/code/MD2FileData.h">
      </Unit>
      <Unit filename="/home/viniciusmoraes/Computacao Grafica/cg_ufpel/external/assimp-3.0.1270/code/MD2Loader.h">
      </Unit>
      <Unit filename="/home/viniciusmoraes/Computacao Grafica/cg_ufpel/external/assimp-3.0.1270/code/MD2NormalTable.h">
      </Unit>
      <Unit filename="/home/viniciusmoraes/Computacao Grafica/cg_ufpel/external/assimp-3.0.1270/code/MD3FileData.h">
      </Unit>
      <Unit filename="/home/viniciusmoraes/Computacao Grafica/cg_ufpel/external/assimp-3.0.1270/code/MD3Loader.h">
      </Unit>
      <Unit filename="/home/viniciusmoraes/Computacao Grafica/cg_ufpel/external/assimp-3.0.1270/code/MD4FileData.h">
      </Unit>
      <Unit filename="/home/viniciusmoraes/Computacao Grafica/cg_ufpel/external/assimp-3.0.1270/code/MD5Loader.h">
      </Unit>
      <Unit filename="/home/viniciusmoraes/Computacao Grafica/cg_ufpel/external/assimp-3.0.1270/code/MD5Parser.h">
      </Unit>
      <Unit filename="/home/viniciusmoraes/Computacao Grafica/cg_ufpel/external/assimp-3.0.1270/code/MDCFileData.h">
      </Unit>
      <Unit filename="/home/viniciusmoraes/Computacao Grafica/cg_ufpel/external/assimp-3.0.1270/code/MDCLoader.h">
      </Unit>
      <Unit filename="/home/viniciusmoraes/Computacao Grafica/cg_ufpel/external/assimp-3.0.1270/code/MDCNormalTable.h">
      </Unit>
      <Unit filename="/home/viniciusmoraes/Computacao Grafica/cg_ufpel/external/assimp-3.0.1270/code/MDLDefaultColorMap.h">
      </Unit>
      <Unit filename="/home/viniciusmoraes/Computacao Grafica/cg_ufpel/external/assimp-3.0.1270/code/MDLFileData.h">
      </Unit>
      <Unit filename="/home/viniciusmoraes/Computacao Grafica/cg_ufpel/external/assimp-3.0.1270/code/MDLLoader.h">
      </Unit>
      <Unit filename="/home/viniciusmoraes/Computacao Grafica/cg_ufpel/external/assimp-3.0.1270/code/MS3DLoader.h">
      </Unit>
      <Unit filename="/home/viniciusmoraes/Computacao Grafica/cg_ufpel/external/assimp-3.0.1270/code/MakeVerboseFormat.h">
      </Unit>
      <Unit filename="/home/viniciusmoraes/Computacao Grafica/cg_ufpel/external/assimp-3.0.1270/code/MaterialSystem.h">
      </Unit>
      <Unit filename="/home/viniciusmoraes/Computacao Grafica/cg_ufpel/external/assimp-3.0.1270/code/NDOLoader.h">
      </Unit>
      <Unit filename="/home/viniciusmoraes/Computacao Grafica/cg_ufpel/external/assimp-3.0.1270/code/NFFLoader.h">
      </Unit>
      <Unit filename="/home/viniciusmoraes/Computacao Grafica/cg_ufpel/external/assimp-3.0.1270/code/OFFLoader.h">
      </Unit>
      <Unit filename="/home/viniciusmoraes/Computacao Grafica/cg_ufpel/external/assimp-3.0.1270/code/ObjExporter.h">
      </Unit>
      <Unit filename="/home/viniciusmoraes/Computacao Grafica/cg_ufpel/external/assimp-3.0.1270/code/ObjFileData.h">
      </Unit>
      <Unit filename="/home/viniciusmoraes/Computacao Grafica/cg_ufpel/external/assimp-3.0.1270/code/ObjFileImporter.h">
      </Unit>
      <Unit filename="/home/viniciusmoraes/Computacao Grafica/cg_ufpel/external/assimp-3.0.1270/code/ObjFileMtlImporter.h">
      </Unit>
      <Unit filename="/home/viniciusmoraes/Computacao Grafica/cg_ufpel/external/assimp-3.0.1270/code/ObjFileParser.h">
      </Unit>
      <Unit filename="/home/viniciusmoraes/Computacao Grafica/cg_ufpel/external/assimp-3.0.1270/code/ObjTools.h">
      </Unit>
      <Unit filename="/home/viniciusmoraes/Computacao Grafica/cg_ufpel/external/assimp-3.0.1270/code/OgreImporter.hpp">
      </Unit>
      <Unit filename="/home/viniciusmoraes/Computacao Grafica/cg_ufpel/external/assimp-3.0.1270/code/OgreXmlHelper.hpp">
      </Unit>
      <Unit filename="/home/viniciusmoraes/Computacao Grafica/cg_ufpel/external/assimp-3.0.1270/code/OptimizeGraph.h">
      </Unit>
      <Unit filename="/home/viniciusmoraes/Computacao Grafica/cg_ufpel/external/assimp-3.0.1270/code/OptimizeMeshes.h">
      </Unit>
      <Unit filename="/home/viniciusmoraes/Computacao Grafica/cg_ufpel/external/assimp-3.0.1270/code/ParsingUtils.h">
      </Unit>
      <Unit filename="/home/viniciusmoraes/Computacao Grafica/cg_ufpel/external/assimp-3.0.1270/code/PlyExporter.h">
      </Unit>
      <Unit filename="/home/viniciusmoraes/Computacao Grafica/cg_ufpel/external/assimp-3.0.1270/code/PlyLoader.h">
      </Unit>
      <Unit filename="/home/viniciusmoraes/Computacao Grafica/cg_ufpel/external/assimp-3.0.1270/code/PlyParser.h">
      </Unit>
      <Unit filename="/home/viniciusmoraes/Computacao Grafica/cg_ufpel/external/assimp-3.0.1270/code/PolyTools.h">
      </Unit>
      <Unit filename="/home/viniciusmoraes/Computacao Grafica/cg_ufpel/external/assimp-3.0.1270/code/PretransformVertices.h">
      </Unit>
      <Unit filename="/home/viniciusmoraes/Computacao Grafica/cg_ufpel/external/assimp-3.0.1270/code/ProcessHelper.h">
      </Unit>
      <Unit filename="/home/viniciusmoraes/Computacao Grafica/cg_ufpel/external/assimp-3.0.1270/code/Profiler.h">
      </Unit>
      <Unit filename="/home/viniciusmoraes/Computacao Grafica/cg_ufpel/external/assimp-3.0.1270/code/Q3BSPFileData.h">
      </Unit>
      <Unit filename="/home/viniciusmoraes/Computacao Grafica/cg_ufpel/external/assimp-3.0.1270/code/Q3BSPFileImporter.h">
      </Unit>
      <Unit filename="/home/viniciusmoraes/Computacao Grafica/cg_ufpel/external/assimp-3.0.1270/code/Q3BSPFileParser.h">
      </Unit>
      <Unit filename="/home/viniciusmoraes/Computacao Grafica/cg_ufpel/external/assimp-3.0.1270/code/Q3BSPZipArchive.h">
      </Unit>
      <Unit filename="/home/viniciusmoraes/Computacao Grafica/cg_ufpel/external/assimp-3.0.1270/code/Q3DLoader.h">
      </Unit>
      <Unit filename="/home/viniciusmoraes/Computacao Grafica/cg_ufpel/external/assimp-3.0.1270/code/RawLoader.h">
      </Unit>
      <Unit filename="/home/viniciusmoraes/Computacao Grafica/cg_ufpel/external/assimp-3.0.1270/code/RemoveComments.h">
      </Unit>
      <Unit filename="/home/viniciusmoraes/Computacao Grafica/cg_ufpel/external/assimp-3.0.1270/code/RemoveRedundantMaterials.h">
      </Unit>
      <Unit filename="/home/viniciusmoraes/Computacao Grafica/cg_ufpel/external/assimp-3.0.1270/code/RemoveVCProcess.h">
      </Unit>
      <Unit filename="/home/viniciusmoraes/Computacao Grafica/cg_ufpel/external/assimp-3.0.1270/code/SGSpatialSort.h">
      </Unit>
      <Unit filename="/home/viniciusmoraes/Computacao Grafica/cg_ufpel/external/assimp-3.0.1270/code/SMDLoader.h">
      </Unit>
      <Unit filename="/home/viniciusmoraes/Computacao Grafica/cg_ufpel/external/assimp-3.0.1270/code/STEPFile.h">
      </Unit>
      <Unit filename="/home/viniciusmoraes/Computacao Grafica/cg_ufpel/external/assimp-3.0.1270/code/STEPFileReader.h">
      </Unit>
      <Unit filename="/home/viniciusmoraes/Computacao Grafica/cg_ufpel/external/assimp-3.0.1270/code/STLExporter.h">
      </Unit>
      <Unit filename="/home/viniciusmoraes/Computacao Grafica/cg_ufpel/external/assimp-3.0.1270/code/STLLoader.h">
      </Unit>
      <Unit filename="/home/viniciusmoraes/Computacao Grafica/cg_ufpel/external/assimp-3.0.1270/code/SceneCombiner.h">
      </Unit>
      <Unit filename="/home/viniciusmoraes/Computacao Grafica/cg_ufpel/external/assimp-3.0.1270/code/ScenePreprocessor.h">
      </Unit>
      <Unit filename="/home/viniciusmoraes/Computacao Grafica/cg_ufpel/external/assimp-3.0.1270/code/ScenePrivate.h">
      </Unit>
      <Unit filename="/home/viniciusmoraes/Computacao Grafica/cg_ufpel/external/assimp-3.0.1270/code/SkeletonMeshBuilder.h">
      </Unit>
      <Unit filename="/home/viniciusmoraes/Computacao Grafica/cg_ufpel/external/assimp-3.0.1270/code/SmoothingGroups.h">
      </Unit>
      <Unit filename="/home/viniciusmoraes/Computacao Grafica/cg_ufpel/external/assimp-3.0.1270/code/SortByPTypeProcess.h">
      </Unit>
      <Unit filename="/home/viniciusmoraes/Computacao Grafica/cg_ufpel/external/assimp-3.0.1270/code/SpatialSort.h">
      </Unit>
      <Unit filename="/home/viniciusmoraes/Computacao Grafica/cg_ufpel/external/assimp-3.0.1270/code/SplitByBoneCountProcess.h">
      </Unit>
      <Unit filename="/home/viniciusmoraes/Computacao Grafica/cg_ufpel/external/assimp-3.0.1270/code/SplitLargeMeshes.h">
      </Unit>
      <Unit filename="/home/viniciusmoraes/Computacao Grafica/cg_ufpel/external/assimp-3.0.1270/code/StandardShapes.h">
      </Unit>
      <Unit filename="/home/viniciusmoraes/Computacao Grafica/cg_ufpel/external/assimp-3.0.1270/code/StdOStreamLogStream.h">
      </Unit>
      <Unit filename="/home/viniciusmoraes/Computacao Grafica/cg_ufpel/external/assimp-3.0.1270/code/StreamReader.h">
      </Unit>
      <Unit filename="/home/viniciusmoraes/Computacao Grafica/cg_ufpel/external/assimp-3.0.1270/code/StringComparison.h">
      </Unit>
      <Unit filename="/home/viniciusmoraes/Computacao Grafica/cg_ufpel/external/assimp-3.0.1270/code/Subdivision.h">
      </Unit>
      <Unit filename="/home/viniciusmoraes/Computacao Grafica/cg_ufpel/external/assimp-3.0.1270/code/TargetAnimation.h">
      </Unit>
      <Unit filename="/home/viniciusmoraes/Computacao Grafica/cg_ufpel/external/assimp-3.0.1270/code/TerragenLoader.h">
      </Unit>
      <Unit filename="/home/viniciusmoraes/Computacao Grafica/cg_ufpel/external/assimp-3.0.1270/code/TextureTransform.h">
      </Unit>
      <Unit filename="/home/viniciusmoraes/Computacao Grafica/cg_ufpel/external/assimp-3.0.1270/code/TinyFormatter.h">
      </Unit>
      <Unit filename="/home/viniciusmoraes/Computacao Grafica/cg_ufpel/external/assimp-3.0.1270/code/TriangulateProcess.h">
      </Unit>
      <Unit filename="/home/viniciusmoraes/Computacao Grafica/cg_ufpel/external/assimp-3.0.1270/code/UnrealLoader.h">
      </Unit>
      <Unit filename="/home/viniciusmoraes/Computacao Grafica/cg_ufpel/external/assimp-3.0.1270/code/ValidateDataStructure.h">
      </Unit>
      <Unit filename="/home/viniciusmoraes/Computacao Grafica/cg_ufpel/external/assimp-3.0.1270/code/Vertex.h">
      </Unit>
      <Unit filename="/home/viniciusmoraes/Computacao Grafica/cg_ufpel/external/assimp-3.0.1270/code/VertexTriangleAdjacency.h">
      </Unit>
      <Unit filename="/home/viniciusmoraes/Computacao Grafica/cg_ufpel/external/assimp-3.0.1270/code/Win32DebugLogStream.h">
      </Unit>
      <Unit filename="/home/viniciusmoraes/Computacao Grafica/cg_ufpel/external/assimp-3.0.1270/code/XFileHelper.h">
      </Unit>
      <Unit filename="/home/viniciusmoraes/Computacao Grafica/cg_ufpel/external/assimp-3.0.1270/code/XFileImporter.h">
      </Unit>
      <Unit filename="/home/viniciusmoraes/Computacao Grafica/cg_ufpel/external/assimp-3.0.1270/code/XFileParser.h">
      </Unit>
      <Unit filename="/home/viniciusmoraes/Computacao Grafica/cg_ufpel/external/assimp-3.0.1270/code/XGLLoader.h">
      </Unit>
      <Unit filename="/home/viniciusmoraes/Computacao Grafica/cg_ufpel/external/assimp-3.0.1270/code/fast_atof.h">
      </Unit>
      <Unit filename="/home/viniciusmoraes/Computacao Grafica/cg_ufpel/external/assimp-3.0.1270/code/irrXMLWrapper.h">
      </Unit>
      <Unit filename="/home/viniciusmoraes/Computacao Grafica/cg_ufpel/external/assimp-3.0.1270/code/pstdint.h">
      </Unit>
      <Unit filename="/home/viniciusmoraes/Computacao Grafica/cg_ufpel/external/assimp-3.0.1270/code/qnan.h">
      </Unit>
      <Unit filename="/home/viniciusmoraes/Computacao Grafica/cg_ufpel/external/assimp-3.0.1270/contrib/ConvertUTF/ConvertUTF.h">
      </Unit>
      <Unit filename="/home/viniciusmoraes/Computacao Grafica/cg_ufpel/external/assimp-3.0.1270/contrib/clipper/clipper.hpp">
      </Unit>
      <Unit filename="/home/viniciusmoraes/Computacao Grafica/cg_ufpel/external/assimp-3.0.1270/contrib/irrXML/CXMLReaderImpl.h">
      </Unit>
      <Unit filename="/home/viniciusmoraes/Computacao Grafica/cg_ufpel/external/assimp-3.0.1270/contrib/irrXML/heapsort.h">
      </Unit>
      <Unit filename="/home/viniciusmoraes/Computacao Grafica/cg_ufpel/external/assimp-3.0.1270/contrib/irrXML/irrArray.h">
      </Unit>
      <Unit filename="/home/viniciusmoraes/Computacao Grafica/cg_ufpel/external/assimp-3.0.1270/contrib/irrXML/irrString.h">
      </Unit>
      <Unit filename="/home/viniciusmoraes/Computacao Grafica/cg_ufpel/external/assimp-3.0.1270/contrib/irrXML/irrTypes.h">
      </Unit>
      <Unit filename="/home/viniciusmoraes/Computacao Grafica/cg_ufpel/external/assimp-3.0.1270/contrib/irrXML/irrXML.h">
      </Unit>
      <Unit filename="/home/viniciusmoraes/Computacao Grafica/cg_ufpel/external/assimp-3.0.1270/contrib/poly2tri/poly2tri/common/shapes.h">
      </Unit>
      <Unit filename="/home/viniciusmoraes/Computacao Grafica/cg_ufpel/external/assimp-3.0.1270/contrib/poly2tri/poly2tri/common/utils.h">
      </Unit>
      <Unit filename="/home/viniciusmoraes/Computacao Grafica/cg_ufpel/external/assimp-3.0.1270/contrib/poly2tri/poly2tri/sweep/advancing_front.h">
      </Unit>
      <Unit filename="/home/viniciusmoraes/Computacao Grafica/cg_ufpel/external/assimp-3.0.1270/contrib/poly2tri/poly2tri/sweep/cdt.h">
      </Unit>
      <Unit filename="/home/viniciusmoraes/Computacao Grafica/cg_ufpel/external/assimp-3.0.1270/contrib/poly2tri/poly2tri/sweep/sweep.h">
      </Unit>
      <Unit filename="/home/viniciusmoraes/Computacao Grafica/cg_ufpel/external/assimp-3.0.1270/contrib/poly2tri/poly2tri/sweep/sweep_context.h">
      </Unit>
      <Unit filename="/home/viniciusmoraes/Computacao Grafica/cg_ufpel/external/assimp-3.0.1270/contrib/unzip/crypt.h">
      </Unit>
      <Unit filename="/home/viniciusmoraes/Computacao Grafica/cg_ufpel/external/assimp-3.0.1270/contrib/unzip/ioapi.h">
      </Unit>
      <Unit filename="/home/viniciusmoraes/Computacao Grafica/cg_ufpel/external/assimp-3.0.1270/contrib/unzip/unzip.h">
      </Unit>
      <Unit filename="/home/viniciusmoraes/Computacao Grafica/cg_ufpel/external/assimp-3.0.1270/contrib/zlib/crc32.h">
      </Unit>
      <Unit filename="/home/viniciusmoraes/Computacao Grafica/cg_ufpel/external/assimp-3.0.1270/contrib/zlib/deflate.h">
      </Unit>
      <Unit filename="/home/viniciusmoraes/Computacao Grafica/cg_ufpel/external/assimp-3.0.1270/contrib/zlib/inffast.h">
      </Unit>
      <Unit filename="/home/viniciusmoraes/Computacao Grafica/cg_ufpel/external/assimp-3.0.1270/contrib/zlib/inffixed.h">
      </Unit>
      <Unit filename="/home/viniciusmoraes/Computacao Grafica/cg_ufpel/external/assimp-3.0.1270/contrib/zlib/inflate.h">
      </Unit>
      <Unit filename="/home/viniciusmoraes/Computacao Grafica/cg_ufpel/external/assimp-3.0.1270/contrib/zlib/inftrees.h">
      </Unit>
      <Unit filename="/home/viniciusmoraes/Computacao Grafica/cg_ufpel/external/assimp-3.0.1270/contrib/zlib/trees.h">
      </Unit>
      <Unit filename="/home/viniciusmoraes/Computacao Grafica/cg_ufpel/external/assimp-3.0.1270/contrib/zlib/zconf.h">
      </Unit>
      <Unit filename="/home/viniciusmoraes/Computacao Grafica/cg_ufpel/external/assimp-3.0.1270/contrib/zlib/zlib.h">
      </Unit>
      <Unit filename="/home/viniciusmoraes/Computacao Grafica/cg_ufpel/external/assimp-3.0.1270/contrib/zlib/zutil.h">
      </Unit>
      <Unit filename="/home/viniciusmoraes/Computacao Grafica/cg_ufpel/external/assimp-3.0.1270/include/assimp/Compiler/poppack1.h">
      </Unit>
      <Unit filename="/home/viniciusmoraes/Computacao Grafica/cg_ufpel/external/assimp-3.0.1270/include/assimp/Compiler/pushpack1.h">
      </Unit>
      <Unit filename="/home/viniciusmoraes/Computacao Grafica/cg_ufpel/external/assimp-3.0.1270/include/assimp/DefaultLogger.hpp">
      </Unit>
      <Unit filename="/home/viniciusmoraes/Computacao Grafica/cg_ufpel/external/assimp-3.0.1270/include/assimp/Exporter.hpp">
      </Unit>
      <Unit filename="/home/viniciusmoraes/Computacao Grafica/cg_ufpel/external/assimp-3.0.1270/include/assimp/IOStream.hpp">
      </Unit>
      <Unit filename="/home/viniciusmoraes/Computacao Grafica/cg_ufpel/external/assimp-3.0.1270/include/assimp/IOSystem.hpp">
      </Unit>
      <Unit filename="/home/viniciusmoraes/Computacao Grafica/cg_ufpel/external/assimp-3.0.1270/include/assimp/Importer.hpp">
      </Unit>
      <Unit filename="/home/viniciusmoraes/Computacao Grafica/cg_ufpel/external/assimp-3.0.1270/include/assimp/LogStream.hpp">
      </Unit>
      <Unit filename="/home/viniciusmoraes/Computacao Grafica/cg_ufpel/external/assimp-3.0.1270/include/assimp/Logger.hpp">
      </Unit>
      <Unit filename="/home/viniciusmoraes/Computacao Grafica/cg_ufpel/external/assimp-3.0.1270/include/assimp/NullLogger.hpp">
      </Unit>
      <Unit filename="/home/viniciusmoraes/Computacao Grafica/cg_ufpel/external/assimp-3.0.1270/include/assimp/ProgressHandler.hpp">
      </Unit>
      <Unit filename="/home/viniciusmoraes/Computacao Grafica/cg_ufpel/external/assimp-3.0.1270/include/assimp/ai_assert.h">
      </Unit>
      <Unit filename="/home/viniciusmoraes/Computacao Grafica/cg_ufpel/external/assimp-3.0.1270/include/assimp/anim.h">
      </Unit>
      <Unit filename="/home/viniciusmoraes/Computacao Grafica/cg_ufpel/external/assimp-3.0.1270/include/assimp/camera.h">
      </Unit>
      <Unit filename="/home/viniciusmoraes/Computacao Grafica/cg_ufpel/external/assimp-3.0.1270/include/assimp/cexport.h">
      </Unit>
      <Unit filename="/home/viniciusmoraes/Computacao Grafica/cg_ufpel/external/assimp-3.0.1270/include/assimp/cfileio.h">
      </Unit>
      <Unit filename="/home/viniciusmoraes/Computacao Grafica/cg_ufpel/external/assimp-3.0.1270/include/assimp/cimport.h">
      </Unit>
      <Unit filename="/home/viniciusmoraes/Computacao Grafica/cg_ufpel/external/assimp-3.0.1270/include/assimp/color4.h">
      </Unit>
      <Unit filename="/home/viniciusmoraes/Computacao Grafica/cg_ufpel/external/assimp-3.0.1270/include/assimp/color4.inl">
      </Unit>
      <Unit filename="/home/viniciusmoraes/Computacao Grafica/cg_ufpel/external/assimp-3.0.1270/include/assimp/config.h">
      </Unit>
      <Unit filename="/home/viniciusmoraes/Computacao Grafica/cg_ufpel/external/assimp-3.0.1270/include/assimp/defs.h">
      </Unit>
      <Unit filename="/home/viniciusmoraes/Computacao Grafica/cg_ufpel/external/assimp-3.0.1270/include/assimp/importerdesc.h">
      </Unit>
      <Unit filename="/home/viniciusmoraes/Computacao Grafica/cg_ufpel/external/assimp-3.0.1270/include/assimp/light.h">
      </Unit>
      <Unit filename="/home/viniciusmoraes/Computacao Grafica/cg_ufpel/external/assimp-3.0.1270/include/assimp/material.h">
      </Unit>
      <Unit filename="/home/viniciusmoraes/Computacao Grafica/cg_ufpel/external/assimp-3.0.1270/include/assimp/material.inl">
      </Unit>
      <Unit filename="/home/viniciusmoraes/Computacao Grafica/cg_ufpel/external/assimp-3.0.1270/include/assimp/matrix3x3.h">
      </Unit>
      <Unit filename="/home/viniciusmoraes/Computacao Grafica/cg_ufpel/external/assimp-3.0.1270/include/assimp/matrix3x3.inl">
      </Unit>
      <Unit filename="/home/viniciusmoraes/Computacao Grafica/cg_ufpel/external/assimp-3.0.1270/include/assimp/matrix4x4.h">
      </Unit>
      <Unit filename="/home/viniciusmoraes/Computacao Grafica/cg_ufpel/external/assimp-3.0.1270/include/assimp/matrix4x4.inl">
      </Unit>
      <Unit filename="/home/viniciusmoraes/Computacao Grafica/cg_ufpel/external/assimp-3.0.1270/include/assimp/mesh.h">
      </Unit>
      <Unit filename="/home/viniciusmoraes/Computacao Grafica/cg_ufpel/external/assimp-3.0.1270/include/assimp/postprocess.h">
      </Unit>
      <Unit filename="/home/viniciusmoraes/Computacao Grafica/cg_ufpel/external/assimp-3.0.1270/include/assimp/quaternion.h">
      </Unit>
      <Unit filename="/home/viniciusmoraes/Computacao Grafica/cg_ufpel/external/assimp-3.0.1270/include/assimp/quaternion.inl">
      </Unit>
      <Unit filename="/home/viniciusmoraes/Computacao Grafica/cg_ufpel/external/assimp-3.0.1270/include/assimp/scene.h">
      </Unit>
      <Unit filename="/home/viniciusmoraes/Computacao Grafica/cg_ufpel/external/assimp-3.0.1270/include/assimp/texture.h">
      </Unit>
      <Unit filename="/home/viniciusmoraes/Computacao Grafica/cg_ufpel/external/assimp-3.0.1270/include/assimp/types.h">
      </Unit>
      <Unit filename="/home/viniciusmoraes/Computacao Grafica/cg_ufpel/external/assimp-3.0.1270/include/assimp/vector2.h">
      </Unit>
      <Unit filename="/home/viniciusmoraes/Computacao Grafica/cg_ufpel/external/assimp-3.0.1270/include/assimp/vector2.inl">
      </Unit>
      <Unit filename="/home/viniciusmoraes/Computacao Grafica/cg_ufpel/external/assimp-3.0.1270/include/assimp/vector3.h">
      </Unit>
      <Unit filename="/home/viniciusmoraes/Computacao Grafica/cg_ufpel/external/assimp-3.0.1270/include/assimp/vector3.inl">
      </Unit>
      <Unit filename="/home/viniciusmoraes/Computacao Grafica/cg_ufpel/external/assimp-3.0.1270/include/assimp/version.h">
      </Unit>
      <Unit filename="/home/viniciusmoraes/Computacao Grafica/cg_ufpel/external/glfw-3.0.3/include/GLFW/glfw3.h">
      </Unit>
      <Unit filename="/home/viniciusmoraes/Computacao Grafica/cg_ufpel/external/glfw-3.0.3/include/GLFW/glfw3native.h">
      </Unit>
      <Unit filename="/home/viniciusmoraes/Computacao Grafica/cg_ufpel/external/glfw-3.0.3/src/config.h">
      </Unit>
      <Unit filename="/home/viniciusmoraes/Computacao Grafica/cg_ufpel/external/glfw-3.0.3/src/glx_platform.h">
      </Unit>
      <Unit filename="/home/viniciusmoraes/Computacao Grafica/cg_ufpel/external/glfw-3.0.3/src/internal.h">
      </Unit>
      <Unit filename="/home/viniciusmoraes/Computacao Grafica/cg_ufpel/external/glfw-3.0.3/src/x11_platform.h">
      </Unit>
      <Unit filename="/home/viniciusmoraes/Computacao Grafica/cg_ufpel/include/comp.hpp">
      </Unit>
      <Unit filename="/home/viniciusmoraes/Computacao Grafica/cg_ufpel/include/controls.hpp">
      </Unit>
      <Unit filename="/home/viniciusmoraes/Computacao Grafica/cg_ufpel/include/glerror.hpp">
      </Unit>
      <Unit filename="/home/viniciusmoraes/Computacao Grafica/cg_ufpel/include/objloader.hpp">
      </Unit>
      <Unit filename="/home/viniciusmoraes/Computacao Grafica/cg_ufpel/include/quaternion_utils.hpp">
      </Unit>
      <Unit filename="/home/viniciusmoraes/Computacao Grafica/cg_ufpel/include/shader.hpp">
      </Unit>
      <Unit filename="/home/viniciusmoraes/Computacao Grafica/cg_ufpel/include/tangentspace.hpp">
      </Unit>
      <Unit filename="/home/viniciusmoraes/Computacao Grafica/cg_ufpel/include/text2D.hpp">
      </Unit>
      <Unit filename="/home/viniciusmoraes/Computacao Grafica/cg_ufpel/include/texture.hpp">
      </Unit>
      <Unit filename="/home/viniciusmoraes/Computacao Grafica/cg_ufpel/include/vboindexer.hpp">
      </Unit>
      <Unit filename="/home/viniciusmoraes/Computacao Grafica/cg_ufpel/CMakeLists.txt">
          <Option virtualFolder="CMake Files\" />
      </Unit>
      <Unit filename="/home/viniciusmoraes/Computacao Grafica/cg_ufpel/external/CMakeLists.txt">
          <Option virtualFolder="CMake Files\external\" />
      </Unit>
      <Unit filename="/home/viniciusmoraes/Computacao Grafica/cg_ufpel/external/glfw-3.0.3/CMakeLists.txt">
          <Option virtualFolder="CMake Files\external\glfw-3.0.3\" />
      </Unit>
      <Unit filename="/home/viniciusmoraes/Computacao Grafica/cg_ufpel/external/glfw-3.0.3/CMakeLists.txt">
          <Option virtualFolder="CMake Files\external\glfw-3.0.3\" />
      </Unit>
      <Unit filename="/home/viniciusmoraes/Computacao Grafica/cg_ufpel/external/glfw-3.0.3/docs/Doxyfile.in">
          <Option virtualFolder="CMake Files\external\glfw-3.0.3\docs\" />
      </Unit>
      <Unit filename="/home/viniciusmoraes/Computacao Grafica/cg_ufpel/external/glfw-3.0.3/docs/Doxyfile.in">
          <Option virtualFolder="CMake Files\external\glfw-3.0.3\docs\" />
      </Unit>
      <Unit filename="/home/viniciusmoraes/Computacao Grafica/cg_ufpel/external/glfw-3.0.3/src/config.h.in">
          <Option virtualFolder="CMake Files\external\glfw-3.0.3\src\" />
      </Unit>
      <Unit filename="/home/viniciusmoraes/Computacao Grafica/cg_ufpel/external/glfw-3.0.3/src/glfwConfig.cmake.in">
          <Option virtualFolder="CMake Files\external\glfw-3.0.3\src\" />
      </Unit>
      <Unit filename="/home/viniciusmoraes/Computacao Grafica/cg_ufpel/external/glfw-3.0.3/src/glfwConfigVersion.cmake.in">
          <Option virtualFolder="CMake Files\external\glfw-3.0.3\src\" />
      </Unit>
      <Unit filename="/home/viniciusmoraes/Computacao Grafica/cg_ufpel/external/glfw-3.0.3/src/glfw3.pc.in">
          <Option virtualFolder="CMake Files\external\glfw-3.0.3\src\" />
      </Unit>
      <Unit filename="/home/viniciusmoraes/Computacao Grafica/cg_ufpel/external/glfw-3.0.3/src/CMakeLists.txt">
          <Option virtualFolder="CMake Files\external\glfw-3.0.3\src\" />
      </Unit>
      <Unit filename="/home/viniciusmoraes/Computacao Grafica/cg_ufpel/external/glfw-3.0.3/src/config.h.in">
          <Option virtualFolder="CMake Files\external\glfw-3.0.3\src\" />
      </Unit>
      <Unit filename="/home/viniciusmoraes/Computacao Grafica/cg_ufpel/external/glfw-3.0.3/src/glfwConfig.cmake.in">
          <Option virtualFolder="CMake Files\external\glfw-3.0.3\src\" />
      </Unit>
      <Unit filename="/home/viniciusmoraes/Computacao Grafica/cg_ufpel/external/glfw-3.0.3/src/glfwConfigVersion.cmake.in">
          <Option virtualFolder="CMake Files\external\glfw-3.0.3\src\" />
      </Unit>
      <Unit filename="/home/viniciusmoraes/Computacao Grafica/cg_ufpel/external/glfw-3.0.3/src/glfw3.pc.in">
          <Option virtualFolder="CMake Files\external\glfw-3.0.3\src\" />
      </Unit>
      <Unit filename="/home/viniciusmoraes/Computacao Grafica/cg_ufpel/external/glfw-3.0.3/src/CMakeLists.txt">
          <Option virtualFolder="CMake Files\external\glfw-3.0.3\src\" />
      </Unit>
      <Unit filename="/home/viniciusmoraes/Computacao Grafica/cg_ufpel/external/assimp-3.0.1270/contrib/zlib/CMakeLists.txt">
          <Option virtualFolder="CMake Files\external\assimp-3.0.1270\contrib\zlib\" />
      </Unit>
      <Unit filename="/home/viniciusmoraes/Computacao Grafica/cg_ufpel/external/assimp-3.0.1270/code/CMakeLists.txt">
          <Option virtualFolder="CMake Files\external\assimp-3.0.1270\code\" />
      </Unit>
   </Project>
</CodeBlocks_project_file>
